// !$*UTF8*$!
{
	archiveVersion = 1;
	classes = {
	};
	objectVersion = 52;
	objects = {

/* Begin PBXBuildFile section */
		A703C2DC26C2C85100BBAAD6 /* KeyboardHelper.swift in Sources */ = {isa = PBXBuildFile; fileRef = A703C2DB26C2C85100BBAAD6 /* KeyboardHelper.swift */; };
		A703C2DE26C2C97900BBAAD6 /* UICollectionView.swift in Sources */ = {isa = PBXBuildFile; fileRef = A703C2DD26C2C97900BBAAD6 /* UICollectionView.swift */; };
		A703C2E026C53CC800BBAAD6 /* ImagePicker.swift in Sources */ = {isa = PBXBuildFile; fileRef = A703C2DF26C53CC800BBAAD6 /* ImagePicker.swift */; };
		A703C2E326CB9FCF00BBAAD6 /* FirebaseFirestore in Frameworks */ = {isa = PBXBuildFile; productRef = A703C2E226CB9FCF00BBAAD6 /* FirebaseFirestore */; };
		A703C2E526CB9FCF00BBAAD6 /* FirebaseDatabase in Frameworks */ = {isa = PBXBuildFile; productRef = A703C2E426CB9FCF00BBAAD6 /* FirebaseDatabase */; };
		A703C2E726CB9FCF00BBAAD6 /* FirebaseAnalytics in Frameworks */ = {isa = PBXBuildFile; productRef = A703C2E626CB9FCF00BBAAD6 /* FirebaseAnalytics */; };
		A703C2E926CB9FCF00BBAAD6 /* FirebaseStorage in Frameworks */ = {isa = PBXBuildFile; productRef = A703C2E826CB9FCF00BBAAD6 /* FirebaseStorage */; };
		A703C2EB26CB9FCF00BBAAD6 /* FirebaseMessaging in Frameworks */ = {isa = PBXBuildFile; productRef = A703C2EA26CB9FCF00BBAAD6 /* FirebaseMessaging */; };
		A703C2ED26CB9FCF00BBAAD6 /* FirebaseAuth in Frameworks */ = {isa = PBXBuildFile; productRef = A703C2EC26CB9FCF00BBAAD6 /* FirebaseAuth */; };
		A703C2EF26CB9FCF00BBAAD6 /* FirebaseDynamicLinks in Frameworks */ = {isa = PBXBuildFile; productRef = A703C2EE26CB9FCF00BBAAD6 /* FirebaseDynamicLinks */; };
		A71D64AC26B2C2E1009C6EE4 /* SFSafeSymbols in Frameworks */ = {isa = PBXBuildFile; productRef = A71D64AB26B2C2E1009C6EE4 /* SFSafeSymbols */; };
		A71D64AF26B2D5EB009C6EE4 /* LaunchScreenViewController.swift in Sources */ = {isa = PBXBuildFile; fileRef = A71D64AE26B2D5EB009C6EE4 /* LaunchScreenViewController.swift */; };
		A71D64B126B2D5FC009C6EE4 /* LaunchScreenViewModel.swift in Sources */ = {isa = PBXBuildFile; fileRef = A71D64B026B2D5FC009C6EE4 /* LaunchScreenViewModel.swift */; };
		A71D64B326B2D609009C6EE4 /* LaunchScreenView.swift in Sources */ = {isa = PBXBuildFile; fileRef = A71D64B226B2D609009C6EE4 /* LaunchScreenView.swift */; };
		A71D64B926B2D84B009C6EE4 /* LaunchScreenView.xib in Resources */ = {isa = PBXBuildFile; fileRef = A71D64B826B2D84B009C6EE4 /* LaunchScreenView.xib */; };
		A71D64BE26B2DAC9009C6EE4 /* GroupCoordinator.swift in Sources */ = {isa = PBXBuildFile; fileRef = A71D64BD26B2DAC9009C6EE4 /* GroupCoordinator.swift */; };
		A71D64C026B2DADE009C6EE4 /* ProfileCoordinator.swift in Sources */ = {isa = PBXBuildFile; fileRef = A71D64BF26B2DADE009C6EE4 /* ProfileCoordinator.swift */; };
		A71D64C826B2DB51009C6EE4 /* GroupViewModel.swift in Sources */ = {isa = PBXBuildFile; fileRef = A71D64C726B2DB51009C6EE4 /* GroupViewModel.swift */; };
		A71D64CA26B2DB5C009C6EE4 /* ProfileViewModel.swift in Sources */ = {isa = PBXBuildFile; fileRef = A71D64C926B2DB5C009C6EE4 /* ProfileViewModel.swift */; };
		A71D64CC26B2DB69009C6EE4 /* GroupViewController.swift in Sources */ = {isa = PBXBuildFile; fileRef = A71D64CB26B2DB69009C6EE4 /* GroupViewController.swift */; };
		A71D64CE26B2DB76009C6EE4 /* GroupView.swift in Sources */ = {isa = PBXBuildFile; fileRef = A71D64CD26B2DB76009C6EE4 /* GroupView.swift */; };
		A71D64D026B2DBDF009C6EE4 /* ProfileViewController.swift in Sources */ = {isa = PBXBuildFile; fileRef = A71D64CF26B2DBDF009C6EE4 /* ProfileViewController.swift */; };
		A71D64D226B2DBEE009C6EE4 /* ProfileView.swift in Sources */ = {isa = PBXBuildFile; fileRef = A71D64D126B2DBEE009C6EE4 /* ProfileView.swift */; };
		A71D64D426B2DBF7009C6EE4 /* ProfileView.xib in Resources */ = {isa = PBXBuildFile; fileRef = A71D64D326B2DBF7009C6EE4 /* ProfileView.xib */; };
		A71D64D626B2DC0A009C6EE4 /* GroupView.xib in Resources */ = {isa = PBXBuildFile; fileRef = A71D64D526B2DC0A009C6EE4 /* GroupView.xib */; };
		A71D64D826B3D9F7009C6EE4 /* UITabBar.swift in Sources */ = {isa = PBXBuildFile; fileRef = A71D64D726B3D9F7009C6EE4 /* UITabBar.swift */; };
		A71D64DB26B3DE3F009C6EE4 /* PhoneViewController.swift in Sources */ = {isa = PBXBuildFile; fileRef = A71D64DA26B3DE3F009C6EE4 /* PhoneViewController.swift */; };
		A71D64DF26B3DE55009C6EE4 /* PhoneView.swift in Sources */ = {isa = PBXBuildFile; fileRef = A71D64DE26B3DE55009C6EE4 /* PhoneView.swift */; };
		A71D64E126B3DE61009C6EE4 /* PhoneView.xib in Resources */ = {isa = PBXBuildFile; fileRef = A71D64E026B3DE61009C6EE4 /* PhoneView.xib */; };
		A71D64E326B3DE6B009C6EE4 /* PhoneViewModel.swift in Sources */ = {isa = PBXBuildFile; fileRef = A71D64E226B3DE6B009C6EE4 /* PhoneViewModel.swift */; };
		A71D64E726B4024F009C6EE4 /* CodeViewController.swift in Sources */ = {isa = PBXBuildFile; fileRef = A71D64E626B4024F009C6EE4 /* CodeViewController.swift */; };
		A71D64EB26B40329009C6EE4 /* CodeView.swift in Sources */ = {isa = PBXBuildFile; fileRef = A71D64EA26B40329009C6EE4 /* CodeView.swift */; };
		A71D64ED26B40335009C6EE4 /* CodeView.xib in Resources */ = {isa = PBXBuildFile; fileRef = A71D64EC26B40335009C6EE4 /* CodeView.xib */; };
		A71D64EF26B40342009C6EE4 /* CodeViewModel.swift in Sources */ = {isa = PBXBuildFile; fileRef = A71D64EE26B40342009C6EE4 /* CodeViewModel.swift */; };
		A71D64F126B41390009C6EE4 /* UINavigationController.swift in Sources */ = {isa = PBXBuildFile; fileRef = A71D64F026B41390009C6EE4 /* UINavigationController.swift */; };
		A71D64F326B42DA4009C6EE4 /* GoogleService-Info.plist in Resources */ = {isa = PBXBuildFile; fileRef = A71D64F226B42DA4009C6EE4 /* GoogleService-Info.plist */; };
		A764D10D26BBEAE000DF9796 /* KeyboardLayoutConstraint.swift in Sources */ = {isa = PBXBuildFile; fileRef = A764D10C26BBEAE000DF9796 /* KeyboardLayoutConstraint.swift */; };
		A764D10F26BBFCE900DF9796 /* LabelWithPadding.swift in Sources */ = {isa = PBXBuildFile; fileRef = A764D10E26BBFCE900DF9796 /* LabelWithPadding.swift */; };
		A764D11126BC0D4300DF9796 /* DateFormatter.swift in Sources */ = {isa = PBXBuildFile; fileRef = A764D11026BC0D4300DF9796 /* DateFormatter.swift */; };
		A764D11326BD119800DF9796 /* Formatter.swift in Sources */ = {isa = PBXBuildFile; fileRef = A764D11226BD119800DF9796 /* Formatter.swift */; };
		A764D12126C1122300DF9796 /* TaggedUsersDataProvider.swift in Sources */ = {isa = PBXBuildFile; fileRef = A764D11626C1122300DF9796 /* TaggedUsersDataProvider.swift */; };
		A764D12226C1122300DF9796 /* TaggedUsersViewModel.swift in Sources */ = {isa = PBXBuildFile; fileRef = A764D11826C1122300DF9796 /* TaggedUsersViewModel.swift */; };
		A764D12326C1122300DF9796 /* TaggedUsersViewController.swift in Sources */ = {isa = PBXBuildFile; fileRef = A764D11A26C1122300DF9796 /* TaggedUsersViewController.swift */; };
		A764D12426C1122300DF9796 /* TaggedUsersView.swift in Sources */ = {isa = PBXBuildFile; fileRef = A764D11C26C1122300DF9796 /* TaggedUsersView.swift */; };
		A764D12526C1122300DF9796 /* TaggedUsersView.xib in Resources */ = {isa = PBXBuildFile; fileRef = A764D11D26C1122300DF9796 /* TaggedUsersView.xib */; };
		A764D12626C1122300DF9796 /* TaggedUsersCollectionViewCell.swift in Sources */ = {isa = PBXBuildFile; fileRef = A764D11F26C1122300DF9796 /* TaggedUsersCollectionViewCell.swift */; };
		A764D12726C1122300DF9796 /* TaggedUsersCollectionViewCell.xib in Resources */ = {isa = PBXBuildFile; fileRef = A764D12026C1122300DF9796 /* TaggedUsersCollectionViewCell.xib */; };
		A764D12B26C14BC100DF9796 /* UserTagCollectionViewCell.swift in Sources */ = {isa = PBXBuildFile; fileRef = A764D12926C14BC100DF9796 /* UserTagCollectionViewCell.swift */; };
		A764D12C26C14BC100DF9796 /* UserTagCollectionViewCell.xib in Resources */ = {isa = PBXBuildFile; fileRef = A764D12A26C14BC100DF9796 /* UserTagCollectionViewCell.xib */; };
		A764D12E26C14EB000DF9796 /* UserTagsDataProvider.swift in Sources */ = {isa = PBXBuildFile; fileRef = A764D12D26C14EB000DF9796 /* UserTagsDataProvider.swift */; };
		A776B1E326B929A400692302 /* CloudKit.framework in Frameworks */ = {isa = PBXBuildFile; fileRef = A776B1E226B929A400692302 /* CloudKit.framework */; };
		A776B1E626B96EBA00692302 /* GroupsDataProvider.swift in Sources */ = {isa = PBXBuildFile; fileRef = A776B1E526B96EBA00692302 /* GroupsDataProvider.swift */; };
		A776B1EC26B96F4700692302 /* GroupCollectionViewCell.swift in Sources */ = {isa = PBXBuildFile; fileRef = A776B1EA26B96F4700692302 /* GroupCollectionViewCell.swift */; };
		A776B1ED26B96F4700692302 /* GroupCollectionViewCell.xib in Resources */ = {isa = PBXBuildFile; fileRef = A776B1EB26B96F4700692302 /* GroupCollectionViewCell.xib */; };
		A776B1F026BA894600692302 /* GroupChatViewController.swift in Sources */ = {isa = PBXBuildFile; fileRef = A776B1EF26BA894500692302 /* GroupChatViewController.swift */; };
		A776B1F626BA898C00692302 /* GroupChatDataProvider.swift in Sources */ = {isa = PBXBuildFile; fileRef = A776B1F526BA898C00692302 /* GroupChatDataProvider.swift */; };
		A776B1F826BA899800692302 /* GroupChatViewModel.swift in Sources */ = {isa = PBXBuildFile; fileRef = A776B1F726BA899800692302 /* GroupChatViewModel.swift */; };
		A776B1FA26BA89A100692302 /* GroupChatView.swift in Sources */ = {isa = PBXBuildFile; fileRef = A776B1F926BA89A100692302 /* GroupChatView.swift */; };
		A776B1FC26BA89AB00692302 /* GroupChatView.xib in Resources */ = {isa = PBXBuildFile; fileRef = A776B1FB26BA89AB00692302 /* GroupChatView.xib */; };
		A776B20026BA8B6600692302 /* GroupChatCollectionViewCell.swift in Sources */ = {isa = PBXBuildFile; fileRef = A776B1FE26BA8B6600692302 /* GroupChatCollectionViewCell.swift */; };
		A776B20126BA8B6600692302 /* GroupChatCollectionViewCell.xib in Resources */ = {isa = PBXBuildFile; fileRef = A776B1FF26BA8B6600692302 /* GroupChatCollectionViewCell.xib */; };
		A776B20F26BA8F8400692302 /* UsersView.xib in Resources */ = {isa = PBXBuildFile; fileRef = A776B20526BA8F8400692302 /* UsersView.xib */; };
		A776B21026BA8F8400692302 /* UsersView.swift in Sources */ = {isa = PBXBuildFile; fileRef = A776B20626BA8F8400692302 /* UsersView.swift */; };
		A776B21126BA8F8400692302 /* UsersViewController.swift in Sources */ = {isa = PBXBuildFile; fileRef = A776B20726BA8F8400692302 /* UsersViewController.swift */; };
		A776B21226BA8F8400692302 /* UsersCollectionViewCell.xib in Resources */ = {isa = PBXBuildFile; fileRef = A776B20926BA8F8400692302 /* UsersCollectionViewCell.xib */; };
		A776B21326BA8F8400692302 /* UsersCollectionViewCell.swift in Sources */ = {isa = PBXBuildFile; fileRef = A776B20A26BA8F8400692302 /* UsersCollectionViewCell.swift */; };
		A776B21426BA8F8400692302 /* UsersViewModel.swift in Sources */ = {isa = PBXBuildFile; fileRef = A776B20C26BA8F8400692302 /* UsersViewModel.swift */; };
		A776B21526BA8F8400692302 /* UsersDataProvider.swift in Sources */ = {isa = PBXBuildFile; fileRef = A776B20E26BA8F8400692302 /* UsersDataProvider.swift */; };
		A7E43BCF26B29C42005DF810 /* AppDelegate.swift in Sources */ = {isa = PBXBuildFile; fileRef = A7E43BCE26B29C42005DF810 /* AppDelegate.swift */; };
		A7E43BD126B29C42005DF810 /* SceneDelegate.swift in Sources */ = {isa = PBXBuildFile; fileRef = A7E43BD026B29C42005DF810 /* SceneDelegate.swift */; };
		A7E43BD826B29C44005DF810 /* Assets.xcassets in Resources */ = {isa = PBXBuildFile; fileRef = A7E43BD726B29C44005DF810 /* Assets.xcassets */; };
		A7E43BDB26B29C44005DF810 /* LaunchScreen.storyboard in Resources */ = {isa = PBXBuildFile; fileRef = A7E43BD926B29C44005DF810 /* LaunchScreen.storyboard */; };
		A7E43C1C26B29E38005DF810 /* UIView.swift in Sources */ = {isa = PBXBuildFile; fileRef = A7E43BE726B29E38005DF810 /* UIView.swift */; };
		A7E43C1D26B29E38005DF810 /* UIColor.swift in Sources */ = {isa = PBXBuildFile; fileRef = A7E43BE826B29E38005DF810 /* UIColor.swift */; };
		A7E43C1E26B29E38005DF810 /* UISearchBar.swift in Sources */ = {isa = PBXBuildFile; fileRef = A7E43BE926B29E38005DF810 /* UISearchBar.swift */; };
		A7E43C1F26B29E38005DF810 /* UIDevice.swift in Sources */ = {isa = PBXBuildFile; fileRef = A7E43BEA26B29E38005DF810 /* UIDevice.swift */; };
		A7E43C2026B29E38005DF810 /* UITextField.swift in Sources */ = {isa = PBXBuildFile; fileRef = A7E43BEB26B29E38005DF810 /* UITextField.swift */; };
		A7E43C2126B29E38005DF810 /* URLRequests.swift in Sources */ = {isa = PBXBuildFile; fileRef = A7E43BEC26B29E38005DF810 /* URLRequests.swift */; };
		A7E43C2226B29E38005DF810 /* UserDefaults.swift in Sources */ = {isa = PBXBuildFile; fileRef = A7E43BED26B29E38005DF810 /* UserDefaults.swift */; };
		A7E43C2326B29E38005DF810 /* UIButton.swift in Sources */ = {isa = PBXBuildFile; fileRef = A7E43BEE26B29E38005DF810 /* UIButton.swift */; };
		A7E43C2426B29E38005DF810 /* UIImage.swift in Sources */ = {isa = PBXBuildFile; fileRef = A7E43BEF26B29E38005DF810 /* UIImage.swift */; };
		A7E43C2526B29E38005DF810 /* UIViewController.swift in Sources */ = {isa = PBXBuildFile; fileRef = A7E43BF026B29E38005DF810 /* UIViewController.swift */; };
		A7E43C2626B29E38005DF810 /* UINavigationBar.swift in Sources */ = {isa = PBXBuildFile; fileRef = A7E43BF126B29E38005DF810 /* UINavigationBar.swift */; };
		A7E43C2726B29E38005DF810 /* UIImageView.swift in Sources */ = {isa = PBXBuildFile; fileRef = A7E43BF226B29E38005DF810 /* UIImageView.swift */; };
		A7E43C2826B29E38005DF810 /* UIFont.swift in Sources */ = {isa = PBXBuildFile; fileRef = A7E43BF326B29E38005DF810 /* UIFont.swift */; };
		A7E43C2926B29E38005DF810 /* UIApplication.swift in Sources */ = {isa = PBXBuildFile; fileRef = A7E43BF426B29E38005DF810 /* UIApplication.swift */; };
		A7E43C2A26B29E38005DF810 /* Bundle.swift in Sources */ = {isa = PBXBuildFile; fileRef = A7E43BF526B29E38005DF810 /* Bundle.swift */; };
		A7E43C2B26B29E38005DF810 /* UIString.swift in Sources */ = {isa = PBXBuildFile; fileRef = A7E43BF626B29E38005DF810 /* UIString.swift */; };
		A7E43C2C26B29E38005DF810 /* CustomView.swift in Sources */ = {isa = PBXBuildFile; fileRef = A7E43BF826B29E38005DF810 /* CustomView.swift */; };
		A7E43C2D26B29E38005DF810 /* Label.swift in Sources */ = {isa = PBXBuildFile; fileRef = A7E43BF926B29E38005DF810 /* Label.swift */; };
		A7E43C2F26B29E38005DF810 /* CustomDecoder.swift in Sources */ = {isa = PBXBuildFile; fileRef = A7E43BFB26B29E38005DF810 /* CustomDecoder.swift */; };
		A7E43C3026B29E38005DF810 /* DesignableUITextField.swift in Sources */ = {isa = PBXBuildFile; fileRef = A7E43BFC26B29E38005DF810 /* DesignableUITextField.swift */; };
		A7E43C3126B29E38005DF810 /* Image.swift in Sources */ = {isa = PBXBuildFile; fileRef = A7E43BFD26B29E38005DF810 /* Image.swift */; };
		A7E43C3226B29E38005DF810 /* CustomTextField.swift in Sources */ = {isa = PBXBuildFile; fileRef = A7E43BFE26B29E38005DF810 /* CustomTextField.swift */; };
		A7E43C3326B29E38005DF810 /* TextField.swift in Sources */ = {isa = PBXBuildFile; fileRef = A7E43BFF26B29E38005DF810 /* TextField.swift */; };
		A7E43C3526B29E38005DF810 /* ErrorView.xib in Resources */ = {isa = PBXBuildFile; fileRef = A7E43C0226B29E38005DF810 /* ErrorView.xib */; };
		A7E43C3626B29E38005DF810 /* ErrorView.swift in Sources */ = {isa = PBXBuildFile; fileRef = A7E43C0326B29E38005DF810 /* ErrorView.swift */; };
		A7E43C3726B29E38005DF810 /* CustomSpinnerView.swift in Sources */ = {isa = PBXBuildFile; fileRef = A7E43C0426B29E38005DF810 /* CustomSpinnerView.swift */; };
		A7E43C3826B29E38005DF810 /* Button.swift in Sources */ = {isa = PBXBuildFile; fileRef = A7E43C0526B29E38005DF810 /* Button.swift */; };
		A7E43C3926B29E38005DF810 /* VerticalButton.swift in Sources */ = {isa = PBXBuildFile; fileRef = A7E43C0626B29E38005DF810 /* VerticalButton.swift */; };
		A7E43C3A26B29E38005DF810 /* ViewSpecificController.swift in Sources */ = {isa = PBXBuildFile; fileRef = A7E43C0826B29E38005DF810 /* ViewSpecificController.swift */; };
		A7E43C3B26B29E38005DF810 /* LocalizationManager.swift in Sources */ = {isa = PBXBuildFile; fileRef = A7E43C0926B29E38005DF810 /* LocalizationManager.swift */; };
		A7E43C3C26B29E38005DF810 /* ViewModelProtocol.swift in Sources */ = {isa = PBXBuildFile; fileRef = A7E43C0A26B29E38005DF810 /* ViewModelProtocol.swift */; };
		A7E43C3D26B29E38005DF810 /* AlertViewController.swift in Sources */ = {isa = PBXBuildFile; fileRef = A7E43C0B26B29E38005DF810 /* AlertViewController.swift */; };
		A7E43C3E26B29E38005DF810 /* ReusableView.swift in Sources */ = {isa = PBXBuildFile; fileRef = A7E43C0C26B29E38005DF810 /* ReusableView.swift */; };
		A7E43C3F26B29E38005DF810 /* Coordinator.swift in Sources */ = {isa = PBXBuildFile; fileRef = A7E43C0D26B29E38005DF810 /* Coordinator.swift */; };
		A7E43C4026B29E38005DF810 /* JSONData.swift in Sources */ = {isa = PBXBuildFile; fileRef = A7E43C0F26B29E38005DF810 /* JSONData.swift */; };
		A7E43C4126B29E38005DF810 /* JSONDownloader.swift in Sources */ = {isa = PBXBuildFile; fileRef = A7E43C1026B29E38005DF810 /* JSONDownloader.swift */; };
		A7E43C4226B29E38005DF810 /* KeychainKeys.swift in Sources */ = {isa = PBXBuildFile; fileRef = A7E43C1226B29E38005DF810 /* KeychainKeys.swift */; };
		A7E43C4326B29E38005DF810 /* EndPoints.swift in Sources */ = {isa = PBXBuildFile; fileRef = A7E43C1326B29E38005DF810 /* EndPoints.swift */; };
		A7E43C4426B29E38005DF810 /* Parameters.swift in Sources */ = {isa = PBXBuildFile; fileRef = A7E43C1426B29E38005DF810 /* Parameters.swift */; };
		A7E43C4526B29E38005DF810 /* AssetsImage.swift in Sources */ = {isa = PBXBuildFile; fileRef = A7E43C1526B29E38005DF810 /* AssetsImage.swift */; };
		A7E43C4626B29E38005DF810 /* Headers.swift in Sources */ = {isa = PBXBuildFile; fileRef = A7E43C1626B29E38005DF810 /* Headers.swift */; };
		A7E43C4726B29E38005DF810 /* ResponseErrors.swift in Sources */ = {isa = PBXBuildFile; fileRef = A7E43C1726B29E38005DF810 /* ResponseErrors.swift */; };
		A7E43C4826B29E38005DF810 /* HTTPRequestMethods.swift in Sources */ = {isa = PBXBuildFile; fileRef = A7E43C1826B29E38005DF810 /* HTTPRequestMethods.swift */; };
		A7E43C4926B29E38005DF810 /* API.swift in Sources */ = {isa = PBXBuildFile; fileRef = A7E43C1926B29E38005DF810 /* API.swift */; };
		A7E43C4A26B29E38005DF810 /* AssetsColor.swift in Sources */ = {isa = PBXBuildFile; fileRef = A7E43C1A26B29E38005DF810 /* AssetsColor.swift */; };
		A7E43C4B26B29E38005DF810 /* AlertViewTexts.swift in Sources */ = {isa = PBXBuildFile; fileRef = A7E43C1B26B29E38005DF810 /* AlertViewTexts.swift */; };
		A7E43C4E26B29E76005DF810 /* TabBarController.swift in Sources */ = {isa = PBXBuildFile; fileRef = A7E43C4D26B29E76005DF810 /* TabBarController.swift */; };
		A7E43C5326B2A0B5005DF810 /* MainCoordinator.swift in Sources */ = {isa = PBXBuildFile; fileRef = A7E43C5226B2A0B5005DF810 /* MainCoordinator.swift */; };
		A7E43C5826B2A155005DF810 /* HomeView.xib in Resources */ = {isa = PBXBuildFile; fileRef = A7E43C5726B2A155005DF810 /* HomeView.xib */; };
		A7E43C5A26B2A160005DF810 /* HomeView.swift in Sources */ = {isa = PBXBuildFile; fileRef = A7E43C5926B2A160005DF810 /* HomeView.swift */; };
		A7E43C5C26B2A188005DF810 /* HomeViewModel.swift in Sources */ = {isa = PBXBuildFile; fileRef = A7E43C5B26B2A188005DF810 /* HomeViewModel.swift */; };
		A7E43C5E26B2A195005DF810 /* HomeViewController.swift in Sources */ = {isa = PBXBuildFile; fileRef = A7E43C5D26B2A195005DF810 /* HomeViewController.swift */; };
		A7E43C6126B2A844005DF810 /* SDWebImage in Frameworks */ = {isa = PBXBuildFile; productRef = A7E43C6026B2A844005DF810 /* SDWebImage */; };
		A7E43C6426B2A888005DF810 /* SnapKit in Frameworks */ = {isa = PBXBuildFile; productRef = A7E43C6326B2A888005DF810 /* SnapKit */; };
		A7E43C6726B2A924005DF810 /* IQKeyboardManagerSwift in Frameworks */ = {isa = PBXBuildFile; productRef = A7E43C6626B2A924005DF810 /* IQKeyboardManagerSwift */; };
/* End PBXBuildFile section */

/* Begin PBXCopyFilesBuildPhase section */
		A7E43C6E26B2A986005DF810 /* Embed Frameworks */ = {
			isa = PBXCopyFilesBuildPhase;
			buildActionMask = 2147483647;
			dstPath = "";
			dstSubfolderSpec = 10;
			files = (
			);
			name = "Embed Frameworks";
			runOnlyForDeploymentPostprocessing = 0;
		};
/* End PBXCopyFilesBuildPhase section */

/* Begin PBXFileReference section */
		A703C2DB26C2C85100BBAAD6 /* KeyboardHelper.swift */ = {isa = PBXFileReference; lastKnownFileType = sourcecode.swift; path = KeyboardHelper.swift; sourceTree = "<group>"; };
		A703C2DD26C2C97900BBAAD6 /* UICollectionView.swift */ = {isa = PBXFileReference; lastKnownFileType = sourcecode.swift; path = UICollectionView.swift; sourceTree = "<group>"; };
		A703C2DF26C53CC800BBAAD6 /* ImagePicker.swift */ = {isa = PBXFileReference; lastKnownFileType = sourcecode.swift; path = ImagePicker.swift; sourceTree = "<group>"; };
		A71D64AE26B2D5EB009C6EE4 /* LaunchScreenViewController.swift */ = {isa = PBXFileReference; lastKnownFileType = sourcecode.swift; path = LaunchScreenViewController.swift; sourceTree = "<group>"; };
		A71D64B026B2D5FC009C6EE4 /* LaunchScreenViewModel.swift */ = {isa = PBXFileReference; lastKnownFileType = sourcecode.swift; path = LaunchScreenViewModel.swift; sourceTree = "<group>"; };
		A71D64B226B2D609009C6EE4 /* LaunchScreenView.swift */ = {isa = PBXFileReference; lastKnownFileType = sourcecode.swift; path = LaunchScreenView.swift; sourceTree = "<group>"; };
		A71D64B826B2D84B009C6EE4 /* LaunchScreenView.xib */ = {isa = PBXFileReference; lastKnownFileType = file.xib; path = LaunchScreenView.xib; sourceTree = "<group>"; };
		A71D64BD26B2DAC9009C6EE4 /* GroupCoordinator.swift */ = {isa = PBXFileReference; lastKnownFileType = sourcecode.swift; path = GroupCoordinator.swift; sourceTree = "<group>"; };
		A71D64BF26B2DADE009C6EE4 /* ProfileCoordinator.swift */ = {isa = PBXFileReference; lastKnownFileType = sourcecode.swift; path = ProfileCoordinator.swift; sourceTree = "<group>"; };
		A71D64C726B2DB51009C6EE4 /* GroupViewModel.swift */ = {isa = PBXFileReference; lastKnownFileType = sourcecode.swift; path = GroupViewModel.swift; sourceTree = "<group>"; };
		A71D64C926B2DB5C009C6EE4 /* ProfileViewModel.swift */ = {isa = PBXFileReference; lastKnownFileType = sourcecode.swift; path = ProfileViewModel.swift; sourceTree = "<group>"; };
		A71D64CB26B2DB69009C6EE4 /* GroupViewController.swift */ = {isa = PBXFileReference; lastKnownFileType = sourcecode.swift; path = GroupViewController.swift; sourceTree = "<group>"; };
		A71D64CD26B2DB76009C6EE4 /* GroupView.swift */ = {isa = PBXFileReference; lastKnownFileType = sourcecode.swift; path = GroupView.swift; sourceTree = "<group>"; };
		A71D64CF26B2DBDF009C6EE4 /* ProfileViewController.swift */ = {isa = PBXFileReference; lastKnownFileType = sourcecode.swift; path = ProfileViewController.swift; sourceTree = "<group>"; };
		A71D64D126B2DBEE009C6EE4 /* ProfileView.swift */ = {isa = PBXFileReference; lastKnownFileType = sourcecode.swift; path = ProfileView.swift; sourceTree = "<group>"; };
		A71D64D326B2DBF7009C6EE4 /* ProfileView.xib */ = {isa = PBXFileReference; lastKnownFileType = file.xib; path = ProfileView.xib; sourceTree = "<group>"; };
		A71D64D526B2DC0A009C6EE4 /* GroupView.xib */ = {isa = PBXFileReference; lastKnownFileType = file.xib; path = GroupView.xib; sourceTree = "<group>"; };
		A71D64D726B3D9F7009C6EE4 /* UITabBar.swift */ = {isa = PBXFileReference; lastKnownFileType = sourcecode.swift; path = UITabBar.swift; sourceTree = "<group>"; };
		A71D64DA26B3DE3F009C6EE4 /* PhoneViewController.swift */ = {isa = PBXFileReference; lastKnownFileType = sourcecode.swift; path = PhoneViewController.swift; sourceTree = "<group>"; };
		A71D64DE26B3DE55009C6EE4 /* PhoneView.swift */ = {isa = PBXFileReference; lastKnownFileType = sourcecode.swift; path = PhoneView.swift; sourceTree = "<group>"; };
		A71D64E026B3DE61009C6EE4 /* PhoneView.xib */ = {isa = PBXFileReference; lastKnownFileType = file.xib; path = PhoneView.xib; sourceTree = "<group>"; };
		A71D64E226B3DE6B009C6EE4 /* PhoneViewModel.swift */ = {isa = PBXFileReference; lastKnownFileType = sourcecode.swift; path = PhoneViewModel.swift; sourceTree = "<group>"; };
		A71D64E626B4024F009C6EE4 /* CodeViewController.swift */ = {isa = PBXFileReference; lastKnownFileType = sourcecode.swift; path = CodeViewController.swift; sourceTree = "<group>"; };
		A71D64EA26B40329009C6EE4 /* CodeView.swift */ = {isa = PBXFileReference; lastKnownFileType = sourcecode.swift; path = CodeView.swift; sourceTree = "<group>"; };
		A71D64EC26B40335009C6EE4 /* CodeView.xib */ = {isa = PBXFileReference; lastKnownFileType = file.xib; path = CodeView.xib; sourceTree = "<group>"; };
		A71D64EE26B40342009C6EE4 /* CodeViewModel.swift */ = {isa = PBXFileReference; lastKnownFileType = sourcecode.swift; path = CodeViewModel.swift; sourceTree = "<group>"; };
		A71D64F026B41390009C6EE4 /* UINavigationController.swift */ = {isa = PBXFileReference; lastKnownFileType = sourcecode.swift; path = UINavigationController.swift; sourceTree = "<group>"; };
		A71D64F226B42DA4009C6EE4 /* GoogleService-Info.plist */ = {isa = PBXFileReference; fileEncoding = 4; lastKnownFileType = text.plist.xml; path = "GoogleService-Info.plist"; sourceTree = "<group>"; };
		A71D64FF26B4315C009C6EE4 /* wePay.entitlements */ = {isa = PBXFileReference; lastKnownFileType = text.plist.entitlements; path = wePay.entitlements; sourceTree = "<group>"; };
		A764D10C26BBEAE000DF9796 /* KeyboardLayoutConstraint.swift */ = {isa = PBXFileReference; lastKnownFileType = sourcecode.swift; path = KeyboardLayoutConstraint.swift; sourceTree = "<group>"; };
		A764D10E26BBFCE900DF9796 /* LabelWithPadding.swift */ = {isa = PBXFileReference; lastKnownFileType = sourcecode.swift; path = LabelWithPadding.swift; sourceTree = "<group>"; };
		A764D11026BC0D4300DF9796 /* DateFormatter.swift */ = {isa = PBXFileReference; lastKnownFileType = sourcecode.swift; path = DateFormatter.swift; sourceTree = "<group>"; };
		A764D11226BD119800DF9796 /* Formatter.swift */ = {isa = PBXFileReference; lastKnownFileType = sourcecode.swift; path = Formatter.swift; sourceTree = "<group>"; };
		A764D11626C1122300DF9796 /* TaggedUsersDataProvider.swift */ = {isa = PBXFileReference; fileEncoding = 4; lastKnownFileType = sourcecode.swift; path = TaggedUsersDataProvider.swift; sourceTree = "<group>"; };
		A764D11826C1122300DF9796 /* TaggedUsersViewModel.swift */ = {isa = PBXFileReference; fileEncoding = 4; lastKnownFileType = sourcecode.swift; path = TaggedUsersViewModel.swift; sourceTree = "<group>"; };
		A764D11A26C1122300DF9796 /* TaggedUsersViewController.swift */ = {isa = PBXFileReference; fileEncoding = 4; lastKnownFileType = sourcecode.swift; path = TaggedUsersViewController.swift; sourceTree = "<group>"; };
		A764D11C26C1122300DF9796 /* TaggedUsersView.swift */ = {isa = PBXFileReference; fileEncoding = 4; lastKnownFileType = sourcecode.swift; path = TaggedUsersView.swift; sourceTree = "<group>"; };
		A764D11D26C1122300DF9796 /* TaggedUsersView.xib */ = {isa = PBXFileReference; fileEncoding = 4; lastKnownFileType = file.xib; path = TaggedUsersView.xib; sourceTree = "<group>"; };
		A764D11F26C1122300DF9796 /* TaggedUsersCollectionViewCell.swift */ = {isa = PBXFileReference; fileEncoding = 4; lastKnownFileType = sourcecode.swift; path = TaggedUsersCollectionViewCell.swift; sourceTree = "<group>"; };
		A764D12026C1122300DF9796 /* TaggedUsersCollectionViewCell.xib */ = {isa = PBXFileReference; fileEncoding = 4; lastKnownFileType = file.xib; path = TaggedUsersCollectionViewCell.xib; sourceTree = "<group>"; };
		A764D12926C14BC100DF9796 /* UserTagCollectionViewCell.swift */ = {isa = PBXFileReference; lastKnownFileType = sourcecode.swift; path = UserTagCollectionViewCell.swift; sourceTree = "<group>"; };
		A764D12A26C14BC100DF9796 /* UserTagCollectionViewCell.xib */ = {isa = PBXFileReference; lastKnownFileType = file.xib; path = UserTagCollectionViewCell.xib; sourceTree = "<group>"; };
		A764D12D26C14EB000DF9796 /* UserTagsDataProvider.swift */ = {isa = PBXFileReference; lastKnownFileType = sourcecode.swift; path = UserTagsDataProvider.swift; sourceTree = "<group>"; };
		A776B1E226B929A400692302 /* CloudKit.framework */ = {isa = PBXFileReference; lastKnownFileType = wrapper.framework; name = CloudKit.framework; path = System/Library/Frameworks/CloudKit.framework; sourceTree = SDKROOT; };
		A776B1E526B96EBA00692302 /* GroupsDataProvider.swift */ = {isa = PBXFileReference; lastKnownFileType = sourcecode.swift; path = GroupsDataProvider.swift; sourceTree = "<group>"; };
		A776B1EA26B96F4700692302 /* GroupCollectionViewCell.swift */ = {isa = PBXFileReference; lastKnownFileType = sourcecode.swift; path = GroupCollectionViewCell.swift; sourceTree = "<group>"; };
		A776B1EB26B96F4700692302 /* GroupCollectionViewCell.xib */ = {isa = PBXFileReference; lastKnownFileType = file.xib; path = GroupCollectionViewCell.xib; sourceTree = "<group>"; };
		A776B1EF26BA894500692302 /* GroupChatViewController.swift */ = {isa = PBXFileReference; lastKnownFileType = sourcecode.swift; path = GroupChatViewController.swift; sourceTree = "<group>"; };
		A776B1F526BA898C00692302 /* GroupChatDataProvider.swift */ = {isa = PBXFileReference; lastKnownFileType = sourcecode.swift; path = GroupChatDataProvider.swift; sourceTree = "<group>"; };
		A776B1F726BA899800692302 /* GroupChatViewModel.swift */ = {isa = PBXFileReference; lastKnownFileType = sourcecode.swift; path = GroupChatViewModel.swift; sourceTree = "<group>"; };
		A776B1F926BA89A100692302 /* GroupChatView.swift */ = {isa = PBXFileReference; lastKnownFileType = sourcecode.swift; path = GroupChatView.swift; sourceTree = "<group>"; };
		A776B1FB26BA89AB00692302 /* GroupChatView.xib */ = {isa = PBXFileReference; lastKnownFileType = file.xib; path = GroupChatView.xib; sourceTree = "<group>"; };
		A776B1FE26BA8B6600692302 /* GroupChatCollectionViewCell.swift */ = {isa = PBXFileReference; lastKnownFileType = sourcecode.swift; path = GroupChatCollectionViewCell.swift; sourceTree = "<group>"; };
		A776B1FF26BA8B6600692302 /* GroupChatCollectionViewCell.xib */ = {isa = PBXFileReference; lastKnownFileType = file.xib; path = GroupChatCollectionViewCell.xib; sourceTree = "<group>"; };
		A776B20526BA8F8400692302 /* UsersView.xib */ = {isa = PBXFileReference; fileEncoding = 4; lastKnownFileType = file.xib; path = UsersView.xib; sourceTree = "<group>"; };
		A776B20626BA8F8400692302 /* UsersView.swift */ = {isa = PBXFileReference; fileEncoding = 4; lastKnownFileType = sourcecode.swift; path = UsersView.swift; sourceTree = "<group>"; };
		A776B20726BA8F8400692302 /* UsersViewController.swift */ = {isa = PBXFileReference; fileEncoding = 4; lastKnownFileType = sourcecode.swift; path = UsersViewController.swift; sourceTree = "<group>"; };
		A776B20926BA8F8400692302 /* UsersCollectionViewCell.xib */ = {isa = PBXFileReference; fileEncoding = 4; lastKnownFileType = file.xib; path = UsersCollectionViewCell.xib; sourceTree = "<group>"; };
		A776B20A26BA8F8400692302 /* UsersCollectionViewCell.swift */ = {isa = PBXFileReference; fileEncoding = 4; lastKnownFileType = sourcecode.swift; path = UsersCollectionViewCell.swift; sourceTree = "<group>"; };
		A776B20C26BA8F8400692302 /* UsersViewModel.swift */ = {isa = PBXFileReference; fileEncoding = 4; lastKnownFileType = sourcecode.swift; path = UsersViewModel.swift; sourceTree = "<group>"; };
		A776B20E26BA8F8400692302 /* UsersDataProvider.swift */ = {isa = PBXFileReference; fileEncoding = 4; lastKnownFileType = sourcecode.swift; path = UsersDataProvider.swift; sourceTree = "<group>"; };
		A7E43BCB26B29C42005DF810 /* wePay.app */ = {isa = PBXFileReference; explicitFileType = wrapper.application; includeInIndex = 0; path = wePay.app; sourceTree = BUILT_PRODUCTS_DIR; };
		A7E43BCE26B29C42005DF810 /* AppDelegate.swift */ = {isa = PBXFileReference; lastKnownFileType = sourcecode.swift; path = AppDelegate.swift; sourceTree = "<group>"; };
		A7E43BD026B29C42005DF810 /* SceneDelegate.swift */ = {isa = PBXFileReference; lastKnownFileType = sourcecode.swift; path = SceneDelegate.swift; sourceTree = "<group>"; };
		A7E43BD726B29C44005DF810 /* Assets.xcassets */ = {isa = PBXFileReference; lastKnownFileType = folder.assetcatalog; path = Assets.xcassets; sourceTree = "<group>"; };
		A7E43BDA26B29C44005DF810 /* Base */ = {isa = PBXFileReference; lastKnownFileType = file.storyboard; name = Base; path = Base.lproj/LaunchScreen.storyboard; sourceTree = "<group>"; };
		A7E43BDC26B29C44005DF810 /* Info.plist */ = {isa = PBXFileReference; lastKnownFileType = text.plist.xml; path = Info.plist; sourceTree = "<group>"; };
		A7E43BE726B29E38005DF810 /* UIView.swift */ = {isa = PBXFileReference; fileEncoding = 4; lastKnownFileType = sourcecode.swift; path = UIView.swift; sourceTree = "<group>"; };
		A7E43BE826B29E38005DF810 /* UIColor.swift */ = {isa = PBXFileReference; fileEncoding = 4; lastKnownFileType = sourcecode.swift; path = UIColor.swift; sourceTree = "<group>"; };
		A7E43BE926B29E38005DF810 /* UISearchBar.swift */ = {isa = PBXFileReference; fileEncoding = 4; lastKnownFileType = sourcecode.swift; path = UISearchBar.swift; sourceTree = "<group>"; };
		A7E43BEA26B29E38005DF810 /* UIDevice.swift */ = {isa = PBXFileReference; fileEncoding = 4; lastKnownFileType = sourcecode.swift; path = UIDevice.swift; sourceTree = "<group>"; };
		A7E43BEB26B29E38005DF810 /* UITextField.swift */ = {isa = PBXFileReference; fileEncoding = 4; lastKnownFileType = sourcecode.swift; path = UITextField.swift; sourceTree = "<group>"; };
		A7E43BEC26B29E38005DF810 /* URLRequests.swift */ = {isa = PBXFileReference; fileEncoding = 4; lastKnownFileType = sourcecode.swift; path = URLRequests.swift; sourceTree = "<group>"; };
		A7E43BED26B29E38005DF810 /* UserDefaults.swift */ = {isa = PBXFileReference; fileEncoding = 4; lastKnownFileType = sourcecode.swift; path = UserDefaults.swift; sourceTree = "<group>"; };
		A7E43BEE26B29E38005DF810 /* UIButton.swift */ = {isa = PBXFileReference; fileEncoding = 4; lastKnownFileType = sourcecode.swift; path = UIButton.swift; sourceTree = "<group>"; };
		A7E43BEF26B29E38005DF810 /* UIImage.swift */ = {isa = PBXFileReference; fileEncoding = 4; lastKnownFileType = sourcecode.swift; path = UIImage.swift; sourceTree = "<group>"; };
		A7E43BF026B29E38005DF810 /* UIViewController.swift */ = {isa = PBXFileReference; fileEncoding = 4; lastKnownFileType = sourcecode.swift; path = UIViewController.swift; sourceTree = "<group>"; };
		A7E43BF126B29E38005DF810 /* UINavigationBar.swift */ = {isa = PBXFileReference; fileEncoding = 4; lastKnownFileType = sourcecode.swift; path = UINavigationBar.swift; sourceTree = "<group>"; };
		A7E43BF226B29E38005DF810 /* UIImageView.swift */ = {isa = PBXFileReference; fileEncoding = 4; lastKnownFileType = sourcecode.swift; path = UIImageView.swift; sourceTree = "<group>"; };
		A7E43BF326B29E38005DF810 /* UIFont.swift */ = {isa = PBXFileReference; fileEncoding = 4; lastKnownFileType = sourcecode.swift; path = UIFont.swift; sourceTree = "<group>"; };
		A7E43BF426B29E38005DF810 /* UIApplication.swift */ = {isa = PBXFileReference; fileEncoding = 4; lastKnownFileType = sourcecode.swift; path = UIApplication.swift; sourceTree = "<group>"; };
		A7E43BF526B29E38005DF810 /* Bundle.swift */ = {isa = PBXFileReference; fileEncoding = 4; lastKnownFileType = sourcecode.swift; path = Bundle.swift; sourceTree = "<group>"; };
		A7E43BF626B29E38005DF810 /* UIString.swift */ = {isa = PBXFileReference; fileEncoding = 4; lastKnownFileType = sourcecode.swift; path = UIString.swift; sourceTree = "<group>"; };
		A7E43BF826B29E38005DF810 /* CustomView.swift */ = {isa = PBXFileReference; fileEncoding = 4; lastKnownFileType = sourcecode.swift; path = CustomView.swift; sourceTree = "<group>"; };
		A7E43BF926B29E38005DF810 /* Label.swift */ = {isa = PBXFileReference; fileEncoding = 4; lastKnownFileType = sourcecode.swift; path = Label.swift; sourceTree = "<group>"; };
		A7E43BFB26B29E38005DF810 /* CustomDecoder.swift */ = {isa = PBXFileReference; fileEncoding = 4; lastKnownFileType = sourcecode.swift; path = CustomDecoder.swift; sourceTree = "<group>"; };
		A7E43BFC26B29E38005DF810 /* DesignableUITextField.swift */ = {isa = PBXFileReference; fileEncoding = 4; lastKnownFileType = sourcecode.swift; path = DesignableUITextField.swift; sourceTree = "<group>"; };
		A7E43BFD26B29E38005DF810 /* Image.swift */ = {isa = PBXFileReference; fileEncoding = 4; lastKnownFileType = sourcecode.swift; path = Image.swift; sourceTree = "<group>"; };
		A7E43BFE26B29E38005DF810 /* CustomTextField.swift */ = {isa = PBXFileReference; fileEncoding = 4; lastKnownFileType = sourcecode.swift; path = CustomTextField.swift; sourceTree = "<group>"; };
		A7E43BFF26B29E38005DF810 /* TextField.swift */ = {isa = PBXFileReference; fileEncoding = 4; lastKnownFileType = sourcecode.swift; path = TextField.swift; sourceTree = "<group>"; };
		A7E43C0226B29E38005DF810 /* ErrorView.xib */ = {isa = PBXFileReference; fileEncoding = 4; lastKnownFileType = file.xib; path = ErrorView.xib; sourceTree = "<group>"; };
		A7E43C0326B29E38005DF810 /* ErrorView.swift */ = {isa = PBXFileReference; fileEncoding = 4; lastKnownFileType = sourcecode.swift; path = ErrorView.swift; sourceTree = "<group>"; };
		A7E43C0426B29E38005DF810 /* CustomSpinnerView.swift */ = {isa = PBXFileReference; fileEncoding = 4; lastKnownFileType = sourcecode.swift; path = CustomSpinnerView.swift; sourceTree = "<group>"; };
		A7E43C0526B29E38005DF810 /* Button.swift */ = {isa = PBXFileReference; fileEncoding = 4; lastKnownFileType = sourcecode.swift; path = Button.swift; sourceTree = "<group>"; };
		A7E43C0626B29E38005DF810 /* VerticalButton.swift */ = {isa = PBXFileReference; fileEncoding = 4; lastKnownFileType = sourcecode.swift; path = VerticalButton.swift; sourceTree = "<group>"; };
		A7E43C0826B29E38005DF810 /* ViewSpecificController.swift */ = {isa = PBXFileReference; fileEncoding = 4; lastKnownFileType = sourcecode.swift; path = ViewSpecificController.swift; sourceTree = "<group>"; };
		A7E43C0926B29E38005DF810 /* LocalizationManager.swift */ = {isa = PBXFileReference; fileEncoding = 4; lastKnownFileType = sourcecode.swift; path = LocalizationManager.swift; sourceTree = "<group>"; };
		A7E43C0A26B29E38005DF810 /* ViewModelProtocol.swift */ = {isa = PBXFileReference; fileEncoding = 4; lastKnownFileType = sourcecode.swift; path = ViewModelProtocol.swift; sourceTree = "<group>"; };
		A7E43C0B26B29E38005DF810 /* AlertViewController.swift */ = {isa = PBXFileReference; fileEncoding = 4; lastKnownFileType = sourcecode.swift; path = AlertViewController.swift; sourceTree = "<group>"; };
		A7E43C0C26B29E38005DF810 /* ReusableView.swift */ = {isa = PBXFileReference; fileEncoding = 4; lastKnownFileType = sourcecode.swift; path = ReusableView.swift; sourceTree = "<group>"; };
		A7E43C0D26B29E38005DF810 /* Coordinator.swift */ = {isa = PBXFileReference; fileEncoding = 4; lastKnownFileType = sourcecode.swift; path = Coordinator.swift; sourceTree = "<group>"; };
		A7E43C0F26B29E38005DF810 /* JSONData.swift */ = {isa = PBXFileReference; fileEncoding = 4; lastKnownFileType = sourcecode.swift; path = JSONData.swift; sourceTree = "<group>"; };
		A7E43C1026B29E38005DF810 /* JSONDownloader.swift */ = {isa = PBXFileReference; fileEncoding = 4; lastKnownFileType = sourcecode.swift; path = JSONDownloader.swift; sourceTree = "<group>"; };
		A7E43C1226B29E38005DF810 /* KeychainKeys.swift */ = {isa = PBXFileReference; fileEncoding = 4; lastKnownFileType = sourcecode.swift; path = KeychainKeys.swift; sourceTree = "<group>"; };
		A7E43C1326B29E38005DF810 /* EndPoints.swift */ = {isa = PBXFileReference; fileEncoding = 4; lastKnownFileType = sourcecode.swift; path = EndPoints.swift; sourceTree = "<group>"; };
		A7E43C1426B29E38005DF810 /* Parameters.swift */ = {isa = PBXFileReference; fileEncoding = 4; lastKnownFileType = sourcecode.swift; path = Parameters.swift; sourceTree = "<group>"; };
		A7E43C1526B29E38005DF810 /* AssetsImage.swift */ = {isa = PBXFileReference; fileEncoding = 4; lastKnownFileType = sourcecode.swift; path = AssetsImage.swift; sourceTree = "<group>"; };
		A7E43C1626B29E38005DF810 /* Headers.swift */ = {isa = PBXFileReference; fileEncoding = 4; lastKnownFileType = sourcecode.swift; path = Headers.swift; sourceTree = "<group>"; };
		A7E43C1726B29E38005DF810 /* ResponseErrors.swift */ = {isa = PBXFileReference; fileEncoding = 4; lastKnownFileType = sourcecode.swift; path = ResponseErrors.swift; sourceTree = "<group>"; };
		A7E43C1826B29E38005DF810 /* HTTPRequestMethods.swift */ = {isa = PBXFileReference; fileEncoding = 4; lastKnownFileType = sourcecode.swift; path = HTTPRequestMethods.swift; sourceTree = "<group>"; };
		A7E43C1926B29E38005DF810 /* API.swift */ = {isa = PBXFileReference; fileEncoding = 4; lastKnownFileType = sourcecode.swift; path = API.swift; sourceTree = "<group>"; };
		A7E43C1A26B29E38005DF810 /* AssetsColor.swift */ = {isa = PBXFileReference; fileEncoding = 4; lastKnownFileType = sourcecode.swift; path = AssetsColor.swift; sourceTree = "<group>"; };
		A7E43C1B26B29E38005DF810 /* AlertViewTexts.swift */ = {isa = PBXFileReference; fileEncoding = 4; lastKnownFileType = sourcecode.swift; path = AlertViewTexts.swift; sourceTree = "<group>"; };
		A7E43C4D26B29E76005DF810 /* TabBarController.swift */ = {isa = PBXFileReference; lastKnownFileType = sourcecode.swift; path = TabBarController.swift; sourceTree = "<group>"; };
		A7E43C5226B2A0B5005DF810 /* MainCoordinator.swift */ = {isa = PBXFileReference; lastKnownFileType = sourcecode.swift; path = MainCoordinator.swift; sourceTree = "<group>"; };
		A7E43C5726B2A155005DF810 /* HomeView.xib */ = {isa = PBXFileReference; lastKnownFileType = file.xib; path = HomeView.xib; sourceTree = "<group>"; };
		A7E43C5926B2A160005DF810 /* HomeView.swift */ = {isa = PBXFileReference; lastKnownFileType = sourcecode.swift; path = HomeView.swift; sourceTree = "<group>"; };
		A7E43C5B26B2A188005DF810 /* HomeViewModel.swift */ = {isa = PBXFileReference; lastKnownFileType = sourcecode.swift; path = HomeViewModel.swift; sourceTree = "<group>"; };
		A7E43C5D26B2A195005DF810 /* HomeViewController.swift */ = {isa = PBXFileReference; lastKnownFileType = sourcecode.swift; path = HomeViewController.swift; sourceTree = "<group>"; };
/* End PBXFileReference section */

/* Begin PBXFrameworksBuildPhase section */
		A7E43BC826B29C42005DF810 /* Frameworks */ = {
			isa = PBXFrameworksBuildPhase;
			buildActionMask = 2147483647;
			files = (
				A7E43C6126B2A844005DF810 /* SDWebImage in Frameworks */,
				A7E43C6426B2A888005DF810 /* SnapKit in Frameworks */,
				A703C2EB26CB9FCF00BBAAD6 /* FirebaseMessaging in Frameworks */,
				A703C2E926CB9FCF00BBAAD6 /* FirebaseStorage in Frameworks */,
				A703C2E726CB9FCF00BBAAD6 /* FirebaseAnalytics in Frameworks */,
				A71D64AC26B2C2E1009C6EE4 /* SFSafeSymbols in Frameworks */,
				A776B1E326B929A400692302 /* CloudKit.framework in Frameworks */,
				A703C2ED26CB9FCF00BBAAD6 /* FirebaseAuth in Frameworks */,
				A7E43C6726B2A924005DF810 /* IQKeyboardManagerSwift in Frameworks */,
				A703C2E526CB9FCF00BBAAD6 /* FirebaseDatabase in Frameworks */,
				A703C2E326CB9FCF00BBAAD6 /* FirebaseFirestore in Frameworks */,
				A703C2EF26CB9FCF00BBAAD6 /* FirebaseDynamicLinks in Frameworks */,
			);
			runOnlyForDeploymentPostprocessing = 0;
		};
/* End PBXFrameworksBuildPhase section */

/* Begin PBXGroup section */
		A703C2DA26C2B34B00BBAAD6 /* Cells */ = {
			isa = PBXGroup;
			children = (
				A776B1FD26BA8B5200692302 /* Group Chat */,
				A764D12826C14B9E00DF9796 /* User Tag */,
			);
			path = Cells;
			sourceTree = "<group>";
		};
		A71D64AD26B2D5CF009C6EE4 /* Launch Screen */ = {
			isa = PBXGroup;
			children = (
				A71D64AE26B2D5EB009C6EE4 /* LaunchScreenViewController.swift */,
				A71D64B626B2D623009C6EE4 /* View */,
				A71D64B726B2D629009C6EE4 /* View Model */,
			);
			path = "Launch Screen";
			sourceTree = "<group>";
		};
		A71D64B626B2D623009C6EE4 /* View */ = {
			isa = PBXGroup;
			children = (
				A71D64B226B2D609009C6EE4 /* LaunchScreenView.swift */,
				A71D64B826B2D84B009C6EE4 /* LaunchScreenView.xib */,
			);
			path = View;
			sourceTree = "<group>";
		};
		A71D64B726B2D629009C6EE4 /* View Model */ = {
			isa = PBXGroup;
			children = (
				A71D64B026B2D5FC009C6EE4 /* LaunchScreenViewModel.swift */,
			);
			path = "View Model";
			sourceTree = "<group>";
		};
		A71D64BA26B2D926009C6EE4 /* Group */ = {
			isa = PBXGroup;
			children = (
				A71D64BD26B2DAC9009C6EE4 /* GroupCoordinator.swift */,
				A71D64C326B2DAFF009C6EE4 /* Group */,
				A776B1EE26BA891A00692302 /* Group Chat */,
				A776B20226BA8F2500692302 /* Users */,
				A764D11426C111C900DF9796 /* Tagged Users */,
			);
			path = Group;
			sourceTree = "<group>";
		};
		A71D64BC26B2D98A009C6EE4 /* Profile */ = {
			isa = PBXGroup;
			children = (
				A71D64BF26B2DADE009C6EE4 /* ProfileCoordinator.swift */,
				A71D64C426B2DB0F009C6EE4 /* Profile */,
			);
			path = Profile;
			sourceTree = "<group>";
		};
		A71D64C126B2DAE6009C6EE4 /* View */ = {
			isa = PBXGroup;
			children = (
				A71D64CB26B2DB69009C6EE4 /* GroupViewController.swift */,
				A776B1E826B96EF300692302 /* Root View */,
				A776B1E926B96EFE00692302 /* Cell */,
			);
			path = View;
			sourceTree = "<group>";
		};
		A71D64C226B2DAEE009C6EE4 /* View Model */ = {
			isa = PBXGroup;
			children = (
				A71D64C726B2DB51009C6EE4 /* GroupViewModel.swift */,
			);
			path = "View Model";
			sourceTree = "<group>";
		};
		A71D64C326B2DAFF009C6EE4 /* Group */ = {
			isa = PBXGroup;
			children = (
				A776B1E426B96E8500692302 /* Data Provider */,
				A71D64C126B2DAE6009C6EE4 /* View */,
				A71D64C226B2DAEE009C6EE4 /* View Model */,
			);
			path = Group;
			sourceTree = "<group>";
		};
		A71D64C426B2DB0F009C6EE4 /* Profile */ = {
			isa = PBXGroup;
			children = (
				A71D64CF26B2DBDF009C6EE4 /* ProfileViewController.swift */,
				A71D64C526B2DB36009C6EE4 /* View */,
				A71D64C626B2DB3C009C6EE4 /* View Model */,
			);
			path = Profile;
			sourceTree = "<group>";
		};
		A71D64C526B2DB36009C6EE4 /* View */ = {
			isa = PBXGroup;
			children = (
				A71D64D126B2DBEE009C6EE4 /* ProfileView.swift */,
				A71D64D326B2DBF7009C6EE4 /* ProfileView.xib */,
			);
			path = View;
			sourceTree = "<group>";
		};
		A71D64C626B2DB3C009C6EE4 /* View Model */ = {
			isa = PBXGroup;
			children = (
				A71D64C926B2DB5C009C6EE4 /* ProfileViewModel.swift */,
			);
			path = "View Model";
			sourceTree = "<group>";
		};
		A71D64D926B3DDFD009C6EE4 /* Login */ = {
			isa = PBXGroup;
			children = (
				A71D64E426B3E93D009C6EE4 /* Phone */,
				A71D64E526B40230009C6EE4 /* Code */,
			);
			path = Login;
			sourceTree = "<group>";
		};
		A71D64DC26B3DE43009C6EE4 /* View Model */ = {
			isa = PBXGroup;
			children = (
				A71D64E226B3DE6B009C6EE4 /* PhoneViewModel.swift */,
			);
			path = "View Model";
			sourceTree = "<group>";
		};
		A71D64DD26B3DE4A009C6EE4 /* View */ = {
			isa = PBXGroup;
			children = (
				A71D64DE26B3DE55009C6EE4 /* PhoneView.swift */,
				A71D64E026B3DE61009C6EE4 /* PhoneView.xib */,
			);
			path = View;
			sourceTree = "<group>";
		};
		A71D64E426B3E93D009C6EE4 /* Phone */ = {
			isa = PBXGroup;
			children = (
				A71D64DA26B3DE3F009C6EE4 /* PhoneViewController.swift */,
				A71D64DD26B3DE4A009C6EE4 /* View */,
				A71D64DC26B3DE43009C6EE4 /* View Model */,
			);
			path = Phone;
			sourceTree = "<group>";
		};
		A71D64E526B40230009C6EE4 /* Code */ = {
			isa = PBXGroup;
			children = (
				A71D64E626B4024F009C6EE4 /* CodeViewController.swift */,
				A71D64E826B40307009C6EE4 /* View */,
				A71D64E926B4030E009C6EE4 /* View Model */,
			);
			path = Code;
			sourceTree = "<group>";
		};
		A71D64E826B40307009C6EE4 /* View */ = {
			isa = PBXGroup;
			children = (
				A71D64EA26B40329009C6EE4 /* CodeView.swift */,
				A71D64EC26B40335009C6EE4 /* CodeView.xib */,
			);
			path = View;
			sourceTree = "<group>";
		};
		A71D64E926B4030E009C6EE4 /* View Model */ = {
			isa = PBXGroup;
			children = (
				A71D64EE26B40342009C6EE4 /* CodeViewModel.swift */,
			);
			path = "View Model";
			sourceTree = "<group>";
		};
		A764D11426C111C900DF9796 /* Tagged Users */ = {
			isa = PBXGroup;
			children = (
				A764D11526C1122300DF9796 /* Data Provider */,
				A764D11926C1122300DF9796 /* View */,
				A764D11726C1122300DF9796 /* View Model */,
			);
			path = "Tagged Users";
			sourceTree = "<group>";
		};
		A764D11526C1122300DF9796 /* Data Provider */ = {
			isa = PBXGroup;
			children = (
				A764D11626C1122300DF9796 /* TaggedUsersDataProvider.swift */,
			);
			path = "Data Provider";
			sourceTree = "<group>";
		};
		A764D11726C1122300DF9796 /* View Model */ = {
			isa = PBXGroup;
			children = (
				A764D11826C1122300DF9796 /* TaggedUsersViewModel.swift */,
			);
			path = "View Model";
			sourceTree = "<group>";
		};
		A764D11926C1122300DF9796 /* View */ = {
			isa = PBXGroup;
			children = (
				A764D11A26C1122300DF9796 /* TaggedUsersViewController.swift */,
				A764D11B26C1122300DF9796 /* Root View */,
				A764D11E26C1122300DF9796 /* Cell */,
			);
			path = View;
			sourceTree = "<group>";
		};
		A764D11B26C1122300DF9796 /* Root View */ = {
			isa = PBXGroup;
			children = (
				A764D11C26C1122300DF9796 /* TaggedUsersView.swift */,
				A764D11D26C1122300DF9796 /* TaggedUsersView.xib */,
			);
			path = "Root View";
			sourceTree = "<group>";
		};
		A764D11E26C1122300DF9796 /* Cell */ = {
			isa = PBXGroup;
			children = (
				A764D11F26C1122300DF9796 /* TaggedUsersCollectionViewCell.swift */,
				A764D12026C1122300DF9796 /* TaggedUsersCollectionViewCell.xib */,
			);
			path = Cell;
			sourceTree = "<group>";
		};
		A764D12826C14B9E00DF9796 /* User Tag */ = {
			isa = PBXGroup;
			children = (
				A764D12926C14BC100DF9796 /* UserTagCollectionViewCell.swift */,
				A764D12A26C14BC100DF9796 /* UserTagCollectionViewCell.xib */,
			);
			path = "User Tag";
			sourceTree = "<group>";
		};
		A776B1E126B929A400692302 /* Frameworks */ = {
			isa = PBXGroup;
			children = (
				A776B1E226B929A400692302 /* CloudKit.framework */,
			);
			name = Frameworks;
			sourceTree = "<group>";
		};
		A776B1E426B96E8500692302 /* Data Provider */ = {
			isa = PBXGroup;
			children = (
				A776B1E526B96EBA00692302 /* GroupsDataProvider.swift */,
			);
			path = "Data Provider";
			sourceTree = "<group>";
		};
		A776B1E826B96EF300692302 /* Root View */ = {
			isa = PBXGroup;
			children = (
				A71D64CD26B2DB76009C6EE4 /* GroupView.swift */,
				A71D64D526B2DC0A009C6EE4 /* GroupView.xib */,
			);
			path = "Root View";
			sourceTree = "<group>";
		};
		A776B1E926B96EFE00692302 /* Cell */ = {
			isa = PBXGroup;
			children = (
				A776B1EA26B96F4700692302 /* GroupCollectionViewCell.swift */,
				A776B1EB26B96F4700692302 /* GroupCollectionViewCell.xib */,
			);
			path = Cell;
			sourceTree = "<group>";
		};
		A776B1EE26BA891A00692302 /* Group Chat */ = {
			isa = PBXGroup;
			children = (
				A776B1F426BA897500692302 /* Data Provider */,
				A776B1F126BA894C00692302 /* View */,
				A776B1F326BA896000692302 /* View Model */,
			);
			path = "Group Chat";
			sourceTree = "<group>";
		};
		A776B1F126BA894C00692302 /* View */ = {
			isa = PBXGroup;
			children = (
				A776B1EF26BA894500692302 /* GroupChatViewController.swift */,
				A776B1F226BA895800692302 /* Root View */,
				A703C2DA26C2B34B00BBAAD6 /* Cells */,
			);
			path = View;
			sourceTree = "<group>";
		};
		A776B1F226BA895800692302 /* Root View */ = {
			isa = PBXGroup;
			children = (
				A776B1F926BA89A100692302 /* GroupChatView.swift */,
				A776B1FB26BA89AB00692302 /* GroupChatView.xib */,
			);
			path = "Root View";
			sourceTree = "<group>";
		};
		A776B1F326BA896000692302 /* View Model */ = {
			isa = PBXGroup;
			children = (
				A776B1F726BA899800692302 /* GroupChatViewModel.swift */,
			);
			path = "View Model";
			sourceTree = "<group>";
		};
		A776B1F426BA897500692302 /* Data Provider */ = {
			isa = PBXGroup;
			children = (
				A776B1F526BA898C00692302 /* GroupChatDataProvider.swift */,
				A764D12D26C14EB000DF9796 /* UserTagsDataProvider.swift */,
			);
			path = "Data Provider";
			sourceTree = "<group>";
		};
		A776B1FD26BA8B5200692302 /* Group Chat */ = {
			isa = PBXGroup;
			children = (
				A776B1FE26BA8B6600692302 /* GroupChatCollectionViewCell.swift */,
				A776B1FF26BA8B6600692302 /* GroupChatCollectionViewCell.xib */,
			);
			path = "Group Chat";
			sourceTree = "<group>";
		};
		A776B20226BA8F2500692302 /* Users */ = {
			isa = PBXGroup;
			children = (
				A776B20D26BA8F8400692302 /* Data Provider */,
				A776B20326BA8F8400692302 /* View */,
				A776B20B26BA8F8400692302 /* View Model */,
			);
			path = Users;
			sourceTree = "<group>";
		};
		A776B20326BA8F8400692302 /* View */ = {
			isa = PBXGroup;
			children = (
				A776B20726BA8F8400692302 /* UsersViewController.swift */,
				A776B20426BA8F8400692302 /* Root View */,
				A776B20826BA8F8400692302 /* Cell */,
			);
			path = View;
			sourceTree = "<group>";
		};
		A776B20426BA8F8400692302 /* Root View */ = {
			isa = PBXGroup;
			children = (
				A776B20526BA8F8400692302 /* UsersView.xib */,
				A776B20626BA8F8400692302 /* UsersView.swift */,
			);
			path = "Root View";
			sourceTree = "<group>";
		};
		A776B20826BA8F8400692302 /* Cell */ = {
			isa = PBXGroup;
			children = (
				A776B20926BA8F8400692302 /* UsersCollectionViewCell.xib */,
				A776B20A26BA8F8400692302 /* UsersCollectionViewCell.swift */,
			);
			path = Cell;
			sourceTree = "<group>";
		};
		A776B20B26BA8F8400692302 /* View Model */ = {
			isa = PBXGroup;
			children = (
				A776B20C26BA8F8400692302 /* UsersViewModel.swift */,
			);
			path = "View Model";
			sourceTree = "<group>";
		};
		A776B20D26BA8F8400692302 /* Data Provider */ = {
			isa = PBXGroup;
			children = (
				A776B20E26BA8F8400692302 /* UsersDataProvider.swift */,
			);
			path = "Data Provider";
			sourceTree = "<group>";
		};
		A7E43BC226B29C42005DF810 = {
			isa = PBXGroup;
			children = (
				A7E43BCD26B29C42005DF810 /* wePay */,
				A7E43BCC26B29C42005DF810 /* Products */,
				A776B1E126B929A400692302 /* Frameworks */,
			);
			sourceTree = "<group>";
		};
		A7E43BCC26B29C42005DF810 /* Products */ = {
			isa = PBXGroup;
			children = (
				A7E43BCB26B29C42005DF810 /* wePay.app */,
			);
			name = Products;
			sourceTree = "<group>";
		};
		A7E43BCD26B29C42005DF810 /* wePay */ = {
			isa = PBXGroup;
			children = (
				A71D64FF26B4315C009C6EE4 /* wePay.entitlements */,
				A7E43BE226B29D5A005DF810 /* Additional Materials */,
				A7E43C4C26B29E5A005DF810 /* TabBarController */,
				A71D64AD26B2D5CF009C6EE4 /* Launch Screen */,
				A7E43C5126B2A0A3005DF810 /* Main */,
				A71D64BA26B2D926009C6EE4 /* Group */,
				A71D64BC26B2D98A009C6EE4 /* Profile */,
				A7E43C5026B29E9A005DF810 /* Resources */,
			);
			path = wePay;
			sourceTree = "<group>";
		};
		A7E43BE226B29D5A005DF810 /* Additional Materials */ = {
			isa = PBXGroup;
			children = (
				A7E43BF726B29E38005DF810 /* Classes */,
				A7E43C1126B29E38005DF810 /* Constants */,
				A7E43BE626B29E38005DF810 /* Extensions */,
				A7E43C0726B29E38005DF810 /* Protocols */,
				A7E43C0E26B29E38005DF810 /* Response */,
			);
			path = "Additional Materials";
			sourceTree = "<group>";
		};
		A7E43BE626B29E38005DF810 /* Extensions */ = {
			isa = PBXGroup;
			children = (
				A7E43BE726B29E38005DF810 /* UIView.swift */,
				A7E43BE826B29E38005DF810 /* UIColor.swift */,
				A7E43BE926B29E38005DF810 /* UISearchBar.swift */,
				A7E43BEA26B29E38005DF810 /* UIDevice.swift */,
				A7E43BEB26B29E38005DF810 /* UITextField.swift */,
				A7E43BEC26B29E38005DF810 /* URLRequests.swift */,
				A7E43BED26B29E38005DF810 /* UserDefaults.swift */,
				A7E43BEE26B29E38005DF810 /* UIButton.swift */,
				A7E43BEF26B29E38005DF810 /* UIImage.swift */,
				A7E43BF026B29E38005DF810 /* UIViewController.swift */,
				A7E43BF126B29E38005DF810 /* UINavigationBar.swift */,
				A7E43BF226B29E38005DF810 /* UIImageView.swift */,
				A7E43BF326B29E38005DF810 /* UIFont.swift */,
				A7E43BF426B29E38005DF810 /* UIApplication.swift */,
				A7E43BF526B29E38005DF810 /* Bundle.swift */,
				A7E43BF626B29E38005DF810 /* UIString.swift */,
				A71D64D726B3D9F7009C6EE4 /* UITabBar.swift */,
				A71D64F026B41390009C6EE4 /* UINavigationController.swift */,
				A764D11026BC0D4300DF9796 /* DateFormatter.swift */,
				A764D11226BD119800DF9796 /* Formatter.swift */,
				A703C2DD26C2C97900BBAAD6 /* UICollectionView.swift */,
			);
			path = Extensions;
			sourceTree = "<group>";
		};
		A7E43BF726B29E38005DF810 /* Classes */ = {
			isa = PBXGroup;
			children = (
				A7E43BF826B29E38005DF810 /* CustomView.swift */,
				A7E43BF926B29E38005DF810 /* Label.swift */,
				A7E43BFB26B29E38005DF810 /* CustomDecoder.swift */,
				A7E43BFC26B29E38005DF810 /* DesignableUITextField.swift */,
				A7E43BFD26B29E38005DF810 /* Image.swift */,
				A7E43BFE26B29E38005DF810 /* CustomTextField.swift */,
				A7E43BFF26B29E38005DF810 /* TextField.swift */,
				A7E43C0126B29E38005DF810 /* Error View */,
				A7E43C0426B29E38005DF810 /* CustomSpinnerView.swift */,
				A7E43C0526B29E38005DF810 /* Button.swift */,
				A7E43C0626B29E38005DF810 /* VerticalButton.swift */,
				A764D10C26BBEAE000DF9796 /* KeyboardLayoutConstraint.swift */,
				A764D10E26BBFCE900DF9796 /* LabelWithPadding.swift */,
				A703C2DB26C2C85100BBAAD6 /* KeyboardHelper.swift */,
				A703C2DF26C53CC800BBAAD6 /* ImagePicker.swift */,
			);
			path = Classes;
			sourceTree = "<group>";
		};
		A7E43C0126B29E38005DF810 /* Error View */ = {
			isa = PBXGroup;
			children = (
				A7E43C0226B29E38005DF810 /* ErrorView.xib */,
				A7E43C0326B29E38005DF810 /* ErrorView.swift */,
			);
			path = "Error View";
			sourceTree = "<group>";
		};
		A7E43C0726B29E38005DF810 /* Protocols */ = {
			isa = PBXGroup;
			children = (
				A7E43C0826B29E38005DF810 /* ViewSpecificController.swift */,
				A7E43C0926B29E38005DF810 /* LocalizationManager.swift */,
				A7E43C0A26B29E38005DF810 /* ViewModelProtocol.swift */,
				A7E43C0B26B29E38005DF810 /* AlertViewController.swift */,
				A7E43C0C26B29E38005DF810 /* ReusableView.swift */,
				A7E43C0D26B29E38005DF810 /* Coordinator.swift */,
			);
			path = Protocols;
			sourceTree = "<group>";
		};
		A7E43C0E26B29E38005DF810 /* Response */ = {
			isa = PBXGroup;
			children = (
				A7E43C0F26B29E38005DF810 /* JSONData.swift */,
				A7E43C1026B29E38005DF810 /* JSONDownloader.swift */,
			);
			path = Response;
			sourceTree = "<group>";
		};
		A7E43C1126B29E38005DF810 /* Constants */ = {
			isa = PBXGroup;
			children = (
				A7E43C1226B29E38005DF810 /* KeychainKeys.swift */,
				A7E43C1326B29E38005DF810 /* EndPoints.swift */,
				A7E43C1426B29E38005DF810 /* Parameters.swift */,
				A7E43C1626B29E38005DF810 /* Headers.swift */,
				A7E43C1726B29E38005DF810 /* ResponseErrors.swift */,
				A7E43C1826B29E38005DF810 /* HTTPRequestMethods.swift */,
				A7E43C1926B29E38005DF810 /* API.swift */,
				A7E43C1B26B29E38005DF810 /* AlertViewTexts.swift */,
				A7E43C1A26B29E38005DF810 /* AssetsColor.swift */,
				A7E43C1526B29E38005DF810 /* AssetsImage.swift */,
			);
			path = Constants;
			sourceTree = "<group>";
		};
		A7E43C4C26B29E5A005DF810 /* TabBarController */ = {
			isa = PBXGroup;
			children = (
				A7E43C4D26B29E76005DF810 /* TabBarController.swift */,
			);
			path = TabBarController;
			sourceTree = "<group>";
		};
		A7E43C5026B29E9A005DF810 /* Resources */ = {
			isa = PBXGroup;
			children = (
				A7E43BCE26B29C42005DF810 /* AppDelegate.swift */,
				A7E43BD026B29C42005DF810 /* SceneDelegate.swift */,
				A7E43BD726B29C44005DF810 /* Assets.xcassets */,
				A7E43BD926B29C44005DF810 /* LaunchScreen.storyboard */,
				A7E43BDC26B29C44005DF810 /* Info.plist */,
				A71D64F226B42DA4009C6EE4 /* GoogleService-Info.plist */,
			);
			path = Resources;
			sourceTree = "<group>";
		};
		A7E43C5126B2A0A3005DF810 /* Main */ = {
			isa = PBXGroup;
			children = (
				A7E43C5226B2A0B5005DF810 /* MainCoordinator.swift */,
				A7E43C5426B2A0D4005DF810 /* Home */,
				A71D64D926B3DDFD009C6EE4 /* Login */,
			);
			path = Main;
			sourceTree = "<group>";
		};
		A7E43C5426B2A0D4005DF810 /* Home */ = {
			isa = PBXGroup;
			children = (
				A7E43C5D26B2A195005DF810 /* HomeViewController.swift */,
				A7E43C5526B2A12A005DF810 /* View */,
				A7E43C5626B2A132005DF810 /* View Model */,
			);
			path = Home;
			sourceTree = "<group>";
		};
		A7E43C5526B2A12A005DF810 /* View */ = {
			isa = PBXGroup;
			children = (
				A7E43C5926B2A160005DF810 /* HomeView.swift */,
				A7E43C5726B2A155005DF810 /* HomeView.xib */,
			);
			path = View;
			sourceTree = "<group>";
		};
		A7E43C5626B2A132005DF810 /* View Model */ = {
			isa = PBXGroup;
			children = (
				A7E43C5B26B2A188005DF810 /* HomeViewModel.swift */,
			);
			path = "View Model";
			sourceTree = "<group>";
		};
/* End PBXGroup section */

/* Begin PBXNativeTarget section */
		A7E43BCA26B29C42005DF810 /* wePay */ = {
			isa = PBXNativeTarget;
			buildConfigurationList = A7E43BDF26B29C44005DF810 /* Build configuration list for PBXNativeTarget "wePay" */;
			buildPhases = (
				A7E43BC726B29C42005DF810 /* Sources */,
				A7E43BC826B29C42005DF810 /* Frameworks */,
				A7E43BC926B29C42005DF810 /* Resources */,
				A7E43C6E26B2A986005DF810 /* Embed Frameworks */,
			);
			buildRules = (
			);
			dependencies = (
			);
			name = wePay;
			packageProductDependencies = (
				A7E43C6026B2A844005DF810 /* SDWebImage */,
				A7E43C6326B2A888005DF810 /* SnapKit */,
				A7E43C6626B2A924005DF810 /* IQKeyboardManagerSwift */,
				A71D64AB26B2C2E1009C6EE4 /* SFSafeSymbols */,
				A703C2E226CB9FCF00BBAAD6 /* FirebaseFirestore */,
				A703C2E426CB9FCF00BBAAD6 /* FirebaseDatabase */,
				A703C2E626CB9FCF00BBAAD6 /* FirebaseAnalytics */,
				A703C2E826CB9FCF00BBAAD6 /* FirebaseStorage */,
				A703C2EA26CB9FCF00BBAAD6 /* FirebaseMessaging */,
				A703C2EC26CB9FCF00BBAAD6 /* FirebaseAuth */,
				A703C2EE26CB9FCF00BBAAD6 /* FirebaseDynamicLinks */,
			);
			productName = wePay;
			productReference = A7E43BCB26B29C42005DF810 /* wePay.app */;
			productType = "com.apple.product-type.application";
		};
/* End PBXNativeTarget section */

/* Begin PBXProject section */
		A7E43BC326B29C42005DF810 /* Project object */ = {
			isa = PBXProject;
			attributes = {
				LastSwiftUpdateCheck = 1250;
				LastUpgradeCheck = 1250;
				TargetAttributes = {
					A7E43BCA26B29C42005DF810 = {
						CreatedOnToolsVersion = 12.5.1;
					};
				};
			};
			buildConfigurationList = A7E43BC626B29C42005DF810 /* Build configuration list for PBXProject "wePay" */;
			compatibilityVersion = "Xcode 9.3";
			developmentRegion = en;
			hasScannedForEncodings = 0;
			knownRegions = (
				en,
				Base,
			);
			mainGroup = A7E43BC226B29C42005DF810;
			packageReferences = (
				A7E43C5F26B2A844005DF810 /* XCRemoteSwiftPackageReference "SDWebImage" */,
				A7E43C6226B2A888005DF810 /* XCRemoteSwiftPackageReference "SnapKit" */,
				A7E43C6526B2A924005DF810 /* XCRemoteSwiftPackageReference "IQKeyboardManager" */,
				A71D64AA26B2C2E1009C6EE4 /* XCRemoteSwiftPackageReference "SFSafeSymbols" */,
				A703C2E126CB9FCF00BBAAD6 /* XCRemoteSwiftPackageReference "firebase-ios-sdk" */,
			);
			productRefGroup = A7E43BCC26B29C42005DF810 /* Products */;
			projectDirPath = "";
			projectRoot = "";
			targets = (
				A7E43BCA26B29C42005DF810 /* wePay */,
			);
		};
/* End PBXProject section */

/* Begin PBXResourcesBuildPhase section */
		A7E43BC926B29C42005DF810 /* Resources */ = {
			isa = PBXResourcesBuildPhase;
			buildActionMask = 2147483647;
			files = (
				A7E43C3526B29E38005DF810 /* ErrorView.xib in Resources */,
				A776B1ED26B96F4700692302 /* GroupCollectionViewCell.xib in Resources */,
				A71D64B926B2D84B009C6EE4 /* LaunchScreenView.xib in Resources */,
				A776B21226BA8F8400692302 /* UsersCollectionViewCell.xib in Resources */,
				A71D64E126B3DE61009C6EE4 /* PhoneView.xib in Resources */,
				A776B20F26BA8F8400692302 /* UsersView.xib in Resources */,
				A764D12726C1122300DF9796 /* TaggedUsersCollectionViewCell.xib in Resources */,
				A71D64D426B2DBF7009C6EE4 /* ProfileView.xib in Resources */,
				A7E43C5826B2A155005DF810 /* HomeView.xib in Resources */,
				A776B20126BA8B6600692302 /* GroupChatCollectionViewCell.xib in Resources */,
				A764D12C26C14BC100DF9796 /* UserTagCollectionViewCell.xib in Resources */,
				A7E43BDB26B29C44005DF810 /* LaunchScreen.storyboard in Resources */,
				A7E43BD826B29C44005DF810 /* Assets.xcassets in Resources */,
				A764D12526C1122300DF9796 /* TaggedUsersView.xib in Resources */,
				A71D64F326B42DA4009C6EE4 /* GoogleService-Info.plist in Resources */,
				A71D64ED26B40335009C6EE4 /* CodeView.xib in Resources */,
				A776B1FC26BA89AB00692302 /* GroupChatView.xib in Resources */,
				A71D64D626B2DC0A009C6EE4 /* GroupView.xib in Resources */,
			);
			runOnlyForDeploymentPostprocessing = 0;
		};
/* End PBXResourcesBuildPhase section */

/* Begin PBXSourcesBuildPhase section */
		A7E43BC726B29C42005DF810 /* Sources */ = {
			isa = PBXSourcesBuildPhase;
			buildActionMask = 2147483647;
			files = (
				A7E43C3226B29E38005DF810 /* CustomTextField.swift in Sources */,
				A7E43C2F26B29E38005DF810 /* CustomDecoder.swift in Sources */,
				A71D64CE26B2DB76009C6EE4 /* GroupView.swift in Sources */,
				A71D64EF26B40342009C6EE4 /* CodeViewModel.swift in Sources */,
				A71D64BE26B2DAC9009C6EE4 /* GroupCoordinator.swift in Sources */,
				A7E43C1C26B29E38005DF810 /* UIView.swift in Sources */,
				A71D64E726B4024F009C6EE4 /* CodeViewController.swift in Sources */,
				A764D12326C1122300DF9796 /* TaggedUsersViewController.swift in Sources */,
				A7E43C2A26B29E38005DF810 /* Bundle.swift in Sources */,
				A7E43C3026B29E38005DF810 /* DesignableUITextField.swift in Sources */,
				A7E43C3926B29E38005DF810 /* VerticalButton.swift in Sources */,
				A776B21026BA8F8400692302 /* UsersView.swift in Sources */,
				A7E43C4E26B29E76005DF810 /* TabBarController.swift in Sources */,
				A764D10F26BBFCE900DF9796 /* LabelWithPadding.swift in Sources */,
				A7E43C4826B29E38005DF810 /* HTTPRequestMethods.swift in Sources */,
				A7E43C3F26B29E38005DF810 /* Coordinator.swift in Sources */,
				A71D64C026B2DADE009C6EE4 /* ProfileCoordinator.swift in Sources */,
				A71D64D026B2DBDF009C6EE4 /* ProfileViewController.swift in Sources */,
				A7E43C3826B29E38005DF810 /* Button.swift in Sources */,
				A7E43C3E26B29E38005DF810 /* ReusableView.swift in Sources */,
				A7E43C3726B29E38005DF810 /* CustomSpinnerView.swift in Sources */,
				A776B1FA26BA89A100692302 /* GroupChatView.swift in Sources */,
				A776B21126BA8F8400692302 /* UsersViewController.swift in Sources */,
				A71D64CA26B2DB5C009C6EE4 /* ProfileViewModel.swift in Sources */,
				A776B21426BA8F8400692302 /* UsersViewModel.swift in Sources */,
				A7E43C4326B29E38005DF810 /* EndPoints.swift in Sources */,
				A7E43C4A26B29E38005DF810 /* AssetsColor.swift in Sources */,
				A7E43C3626B29E38005DF810 /* ErrorView.swift in Sources */,
				A7E43C2726B29E38005DF810 /* UIImageView.swift in Sources */,
				A776B21526BA8F8400692302 /* UsersDataProvider.swift in Sources */,
				A71D64C826B2DB51009C6EE4 /* GroupViewModel.swift in Sources */,
				A7E43C2126B29E38005DF810 /* URLRequests.swift in Sources */,
				A7E43C3C26B29E38005DF810 /* ViewModelProtocol.swift in Sources */,
				A776B1F626BA898C00692302 /* GroupChatDataProvider.swift in Sources */,
				A7E43C4726B29E38005DF810 /* ResponseErrors.swift in Sources */,
				A7E43C3A26B29E38005DF810 /* ViewSpecificController.swift in Sources */,
				A71D64CC26B2DB69009C6EE4 /* GroupViewController.swift in Sources */,
				A7E43C4026B29E38005DF810 /* JSONData.swift in Sources */,
				A7E43C4426B29E38005DF810 /* Parameters.swift in Sources */,
				A7E43C4626B29E38005DF810 /* Headers.swift in Sources */,
				A71D64DF26B3DE55009C6EE4 /* PhoneView.swift in Sources */,
				A7E43C2D26B29E38005DF810 /* Label.swift in Sources */,
				A7E43C2C26B29E38005DF810 /* CustomView.swift in Sources */,
				A764D12626C1122300DF9796 /* TaggedUsersCollectionViewCell.swift in Sources */,
				A764D12E26C14EB000DF9796 /* UserTagsDataProvider.swift in Sources */,
				A7E43C2B26B29E38005DF810 /* UIString.swift in Sources */,
				A7E43BCF26B29C42005DF810 /* AppDelegate.swift in Sources */,
				A71D64E326B3DE6B009C6EE4 /* PhoneViewModel.swift in Sources */,
				A7E43C2026B29E38005DF810 /* UITextField.swift in Sources */,
				A7E43BD126B29C42005DF810 /* SceneDelegate.swift in Sources */,
				A776B1F026BA894600692302 /* GroupChatViewController.swift in Sources */,
				A71D64B126B2D5FC009C6EE4 /* LaunchScreenViewModel.swift in Sources */,
				A776B1EC26B96F4700692302 /* GroupCollectionViewCell.swift in Sources */,
				A71D64B326B2D609009C6EE4 /* LaunchScreenView.swift in Sources */,
				A703C2DE26C2C97900BBAAD6 /* UICollectionView.swift in Sources */,
				A71D64F126B41390009C6EE4 /* UINavigationController.swift in Sources */,
				A764D12B26C14BC100DF9796 /* UserTagCollectionViewCell.swift in Sources */,
				A7E43C4526B29E38005DF810 /* AssetsImage.swift in Sources */,
				A7E43C3326B29E38005DF810 /* TextField.swift in Sources */,
				A764D10D26BBEAE000DF9796 /* KeyboardLayoutConstraint.swift in Sources */,
				A7E43C2226B29E38005DF810 /* UserDefaults.swift in Sources */,
				A7E43C2526B29E38005DF810 /* UIViewController.swift in Sources */,
				A71D64AF26B2D5EB009C6EE4 /* LaunchScreenViewController.swift in Sources */,
				A776B1E626B96EBA00692302 /* GroupsDataProvider.swift in Sources */,
				A7E43C1D26B29E38005DF810 /* UIColor.swift in Sources */,
				A764D12426C1122300DF9796 /* TaggedUsersView.swift in Sources */,
				A7E43C4226B29E38005DF810 /* KeychainKeys.swift in Sources */,
				A7E43C5C26B2A188005DF810 /* HomeViewModel.swift in Sources */,
				A7E43C2326B29E38005DF810 /* UIButton.swift in Sources */,
				A7E43C2926B29E38005DF810 /* UIApplication.swift in Sources */,
				A703C2DC26C2C85100BBAAD6 /* KeyboardHelper.swift in Sources */,
				A7E43C5E26B2A195005DF810 /* HomeViewController.swift in Sources */,
				A7E43C2426B29E38005DF810 /* UIImage.swift in Sources */,
				A71D64D226B2DBEE009C6EE4 /* ProfileView.swift in Sources */,
				A71D64EB26B40329009C6EE4 /* CodeView.swift in Sources */,
				A71D64D826B3D9F7009C6EE4 /* UITabBar.swift in Sources */,
				A764D11326BD119800DF9796 /* Formatter.swift in Sources */,
				A7E43C2826B29E38005DF810 /* UIFont.swift in Sources */,
				A7E43C4126B29E38005DF810 /* JSONDownloader.swift in Sources */,
				A776B1F826BA899800692302 /* GroupChatViewModel.swift in Sources */,
				A7E43C2626B29E38005DF810 /* UINavigationBar.swift in Sources */,
				A7E43C3D26B29E38005DF810 /* AlertViewController.swift in Sources */,
				A764D12226C1122300DF9796 /* TaggedUsersViewModel.swift in Sources */,
				A7E43C3B26B29E38005DF810 /* LocalizationManager.swift in Sources */,
				A7E43C1E26B29E38005DF810 /* UISearchBar.swift in Sources */,
				A7E43C4B26B29E38005DF810 /* AlertViewTexts.swift in Sources */,
				A7E43C5A26B2A160005DF810 /* HomeView.swift in Sources */,
				A703C2E026C53CC800BBAAD6 /* ImagePicker.swift in Sources */,
				A7E43C1F26B29E38005DF810 /* UIDevice.swift in Sources */,
				A7E43C5326B2A0B5005DF810 /* MainCoordinator.swift in Sources */,
				A764D12126C1122300DF9796 /* TaggedUsersDataProvider.swift in Sources */,
				A764D11126BC0D4300DF9796 /* DateFormatter.swift in Sources */,
				A776B20026BA8B6600692302 /* GroupChatCollectionViewCell.swift in Sources */,
				A7E43C4926B29E38005DF810 /* API.swift in Sources */,
				A71D64DB26B3DE3F009C6EE4 /* PhoneViewController.swift in Sources */,
				A7E43C3126B29E38005DF810 /* Image.swift in Sources */,
				A776B21326BA8F8400692302 /* UsersCollectionViewCell.swift in Sources */,
			);
			runOnlyForDeploymentPostprocessing = 0;
		};
/* End PBXSourcesBuildPhase section */

/* Begin PBXVariantGroup section */
		A7E43BD926B29C44005DF810 /* LaunchScreen.storyboard */ = {
			isa = PBXVariantGroup;
			children = (
				A7E43BDA26B29C44005DF810 /* Base */,
			);
			name = LaunchScreen.storyboard;
			sourceTree = "<group>";
		};
/* End PBXVariantGroup section */

/* Begin XCBuildConfiguration section */
		A7E43BDD26B29C44005DF810 /* Debug */ = {
			isa = XCBuildConfiguration;
			buildSettings = {
				ALWAYS_SEARCH_USER_PATHS = NO;
				CLANG_ANALYZER_NONNULL = YES;
				CLANG_ANALYZER_NUMBER_OBJECT_CONVERSION = YES_AGGRESSIVE;
				CLANG_CXX_LANGUAGE_STANDARD = "gnu++14";
				CLANG_CXX_LIBRARY = "libc++";
				CLANG_ENABLE_MODULES = YES;
				CLANG_ENABLE_OBJC_ARC = YES;
				CLANG_ENABLE_OBJC_WEAK = YES;
				CLANG_WARN_BLOCK_CAPTURE_AUTORELEASING = YES;
				CLANG_WARN_BOOL_CONVERSION = YES;
				CLANG_WARN_COMMA = YES;
				CLANG_WARN_CONSTANT_CONVERSION = YES;
				CLANG_WARN_DEPRECATED_OBJC_IMPLEMENTATIONS = YES;
				CLANG_WARN_DIRECT_OBJC_ISA_USAGE = YES_ERROR;
				CLANG_WARN_DOCUMENTATION_COMMENTS = YES;
				CLANG_WARN_EMPTY_BODY = YES;
				CLANG_WARN_ENUM_CONVERSION = YES;
				CLANG_WARN_INFINITE_RECURSION = YES;
				CLANG_WARN_INT_CONVERSION = YES;
				CLANG_WARN_NON_LITERAL_NULL_CONVERSION = YES;
				CLANG_WARN_OBJC_IMPLICIT_RETAIN_SELF = YES;
				CLANG_WARN_OBJC_LITERAL_CONVERSION = YES;
				CLANG_WARN_OBJC_ROOT_CLASS = YES_ERROR;
				CLANG_WARN_QUOTED_INCLUDE_IN_FRAMEWORK_HEADER = YES;
				CLANG_WARN_RANGE_LOOP_ANALYSIS = YES;
				CLANG_WARN_STRICT_PROTOTYPES = YES;
				CLANG_WARN_SUSPICIOUS_MOVE = YES;
				CLANG_WARN_UNGUARDED_AVAILABILITY = YES_AGGRESSIVE;
				CLANG_WARN_UNREACHABLE_CODE = YES;
				CLANG_WARN__DUPLICATE_METHOD_MATCH = YES;
				COPY_PHASE_STRIP = NO;
				DEBUG_INFORMATION_FORMAT = dwarf;
				ENABLE_STRICT_OBJC_MSGSEND = YES;
				ENABLE_TESTABILITY = YES;
				GCC_C_LANGUAGE_STANDARD = gnu11;
				GCC_DYNAMIC_NO_PIC = NO;
				GCC_NO_COMMON_BLOCKS = YES;
				GCC_OPTIMIZATION_LEVEL = 0;
				GCC_PREPROCESSOR_DEFINITIONS = (
					"DEBUG=1",
					"$(inherited)",
				);
				GCC_WARN_64_TO_32_BIT_CONVERSION = YES;
				GCC_WARN_ABOUT_RETURN_TYPE = YES_ERROR;
				GCC_WARN_UNDECLARED_SELECTOR = YES;
				GCC_WARN_UNINITIALIZED_AUTOS = YES_AGGRESSIVE;
				GCC_WARN_UNUSED_FUNCTION = YES;
				GCC_WARN_UNUSED_VARIABLE = YES;
				IPHONEOS_DEPLOYMENT_TARGET = 14.1;
				MTL_ENABLE_DEBUG_INFO = INCLUDE_SOURCE;
				MTL_FAST_MATH = YES;
				ONLY_ACTIVE_ARCH = YES;
				SDKROOT = iphoneos;
				SWIFT_ACTIVE_COMPILATION_CONDITIONS = DEBUG;
				SWIFT_OPTIMIZATION_LEVEL = "-Onone";
			};
			name = Debug;
		};
		A7E43BDE26B29C44005DF810 /* Release */ = {
			isa = XCBuildConfiguration;
			buildSettings = {
				ALWAYS_SEARCH_USER_PATHS = NO;
				CLANG_ANALYZER_NONNULL = YES;
				CLANG_ANALYZER_NUMBER_OBJECT_CONVERSION = YES_AGGRESSIVE;
				CLANG_CXX_LANGUAGE_STANDARD = "gnu++14";
				CLANG_CXX_LIBRARY = "libc++";
				CLANG_ENABLE_MODULES = YES;
				CLANG_ENABLE_OBJC_ARC = YES;
				CLANG_ENABLE_OBJC_WEAK = YES;
				CLANG_WARN_BLOCK_CAPTURE_AUTORELEASING = YES;
				CLANG_WARN_BOOL_CONVERSION = YES;
				CLANG_WARN_COMMA = YES;
				CLANG_WARN_CONSTANT_CONVERSION = YES;
				CLANG_WARN_DEPRECATED_OBJC_IMPLEMENTATIONS = YES;
				CLANG_WARN_DIRECT_OBJC_ISA_USAGE = YES_ERROR;
				CLANG_WARN_DOCUMENTATION_COMMENTS = YES;
				CLANG_WARN_EMPTY_BODY = YES;
				CLANG_WARN_ENUM_CONVERSION = YES;
				CLANG_WARN_INFINITE_RECURSION = YES;
				CLANG_WARN_INT_CONVERSION = YES;
				CLANG_WARN_NON_LITERAL_NULL_CONVERSION = YES;
				CLANG_WARN_OBJC_IMPLICIT_RETAIN_SELF = YES;
				CLANG_WARN_OBJC_LITERAL_CONVERSION = YES;
				CLANG_WARN_OBJC_ROOT_CLASS = YES_ERROR;
				CLANG_WARN_QUOTED_INCLUDE_IN_FRAMEWORK_HEADER = YES;
				CLANG_WARN_RANGE_LOOP_ANALYSIS = YES;
				CLANG_WARN_STRICT_PROTOTYPES = YES;
				CLANG_WARN_SUSPICIOUS_MOVE = YES;
				CLANG_WARN_UNGUARDED_AVAILABILITY = YES_AGGRESSIVE;
				CLANG_WARN_UNREACHABLE_CODE = YES;
				CLANG_WARN__DUPLICATE_METHOD_MATCH = YES;
				COPY_PHASE_STRIP = NO;
				DEBUG_INFORMATION_FORMAT = "dwarf-with-dsym";
				ENABLE_NS_ASSERTIONS = NO;
				ENABLE_STRICT_OBJC_MSGSEND = YES;
				GCC_C_LANGUAGE_STANDARD = gnu11;
				GCC_NO_COMMON_BLOCKS = YES;
				GCC_WARN_64_TO_32_BIT_CONVERSION = YES;
				GCC_WARN_ABOUT_RETURN_TYPE = YES_ERROR;
				GCC_WARN_UNDECLARED_SELECTOR = YES;
				GCC_WARN_UNINITIALIZED_AUTOS = YES_AGGRESSIVE;
				GCC_WARN_UNUSED_FUNCTION = YES;
				GCC_WARN_UNUSED_VARIABLE = YES;
				IPHONEOS_DEPLOYMENT_TARGET = 14.1;
				MTL_ENABLE_DEBUG_INFO = NO;
				MTL_FAST_MATH = YES;
				SDKROOT = iphoneos;
				SWIFT_COMPILATION_MODE = wholemodule;
				SWIFT_OPTIMIZATION_LEVEL = "-O";
				VALIDATE_PRODUCT = YES;
			};
			name = Release;
		};
		A7E43BE026B29C44005DF810 /* Debug */ = {
			isa = XCBuildConfiguration;
			buildSettings = {
				ASSETCATALOG_COMPILER_APPICON_NAME = AppIcon;
				ASSETCATALOG_COMPILER_GLOBAL_ACCENT_COLOR_NAME = AccentColor;
				CODE_SIGN_ENTITLEMENTS = wePay/wePay.entitlements;
				CODE_SIGN_STYLE = Automatic;
				DEVELOPMENT_TEAM = FBTPF536MK;
				INFOPLIST_FILE = wePay/resources/Info.plist;
				LD_RUNPATH_SEARCH_PATHS = (
					"$(inherited)",
					"@executable_path/Frameworks",
				);
				PRODUCT_BUNDLE_IDENTIFIER = com.jakhongir.wePay;
				PRODUCT_NAME = "$(TARGET_NAME)";
				SWIFT_VERSION = 5.0;
				TARGETED_DEVICE_FAMILY = 1;
			};
			name = Debug;
		};
		A7E43BE126B29C44005DF810 /* Release */ = {
			isa = XCBuildConfiguration;
			buildSettings = {
				ASSETCATALOG_COMPILER_APPICON_NAME = AppIcon;
				ASSETCATALOG_COMPILER_GLOBAL_ACCENT_COLOR_NAME = AccentColor;
				CODE_SIGN_ENTITLEMENTS = wePay/wePay.entitlements;
				CODE_SIGN_STYLE = Automatic;
				DEVELOPMENT_TEAM = FBTPF536MK;
				INFOPLIST_FILE = wePay/resources/Info.plist;
				LD_RUNPATH_SEARCH_PATHS = (
					"$(inherited)",
					"@executable_path/Frameworks",
				);
				PRODUCT_BUNDLE_IDENTIFIER = com.jakhongir.wePay;
				PRODUCT_NAME = "$(TARGET_NAME)";
				SWIFT_VERSION = 5.0;
				TARGETED_DEVICE_FAMILY = 1;
			};
			name = Release;
		};
/* End XCBuildConfiguration section */

/* Begin XCConfigurationList section */
		A7E43BC626B29C42005DF810 /* Build configuration list for PBXProject "wePay" */ = {
			isa = XCConfigurationList;
			buildConfigurations = (
				A7E43BDD26B29C44005DF810 /* Debug */,
				A7E43BDE26B29C44005DF810 /* Release */,
			);
			defaultConfigurationIsVisible = 0;
			defaultConfigurationName = Release;
		};
		A7E43BDF26B29C44005DF810 /* Build configuration list for PBXNativeTarget "wePay" */ = {
			isa = XCConfigurationList;
			buildConfigurations = (
				A7E43BE026B29C44005DF810 /* Debug */,
				A7E43BE126B29C44005DF810 /* Release */,
			);
			defaultConfigurationIsVisible = 0;
			defaultConfigurationName = Release;
		};
/* End XCConfigurationList section */

/* Begin XCRemoteSwiftPackageReference section */
		A703C2E126CB9FCF00BBAAD6 /* XCRemoteSwiftPackageReference "firebase-ios-sdk" */ = {
			isa = XCRemoteSwiftPackageReference;
			repositoryURL = "https://github.com/firebase/firebase-ios-sdk.git";
			requirement = {
				kind = upToNextMajorVersion;
				minimumVersion = 8.5.0;
			};
		};
		A71D64AA26B2C2E1009C6EE4 /* XCRemoteSwiftPackageReference "SFSafeSymbols" */ = {
			isa = XCRemoteSwiftPackageReference;
			repositoryURL = "https://github.com/piknotech/SFSafeSymbols.git";
			requirement = {
				kind = upToNextMajorVersion;
				minimumVersion = 2.1.3;
			};
		};
		A7E43C5F26B2A844005DF810 /* XCRemoteSwiftPackageReference "SDWebImage" */ = {
			isa = XCRemoteSwiftPackageReference;
			repositoryURL = "https://github.com/SDWebImage/SDWebImage.git";
			requirement = {
				kind = upToNextMajorVersion;
				minimumVersion = 5.11.1;
			};
		};
		A7E43C6226B2A888005DF810 /* XCRemoteSwiftPackageReference "SnapKit" */ = {
			isa = XCRemoteSwiftPackageReference;
			repositoryURL = "https://github.com/SnapKit/SnapKit.git";
			requirement = {
				kind = upToNextMajorVersion;
				minimumVersion = 5.0.1;
			};
		};
		A7E43C6526B2A924005DF810 /* XCRemoteSwiftPackageReference "IQKeyboardManager" */ = {
			isa = XCRemoteSwiftPackageReference;
			repositoryURL = "https://github.com/hackiftekhar/IQKeyboardManager.git";
			requirement = {
				kind = upToNextMajorVersion;
				minimumVersion = 6.5.6;
			};
		};
/* End XCRemoteSwiftPackageReference section */

/* Begin XCSwiftPackageProductDependency section */
		A703C2E226CB9FCF00BBAAD6 /* FirebaseFirestore */ = {
			isa = XCSwiftPackageProductDependency;
			package = A703C2E126CB9FCF00BBAAD6 /* XCRemoteSwiftPackageReference "firebase-ios-sdk" */;
			productName = FirebaseFirestore;
		};
		A703C2E426CB9FCF00BBAAD6 /* FirebaseDatabase */ = {
			isa = XCSwiftPackageProductDependency;
			package = A703C2E126CB9FCF00BBAAD6 /* XCRemoteSwiftPackageReference "firebase-ios-sdk" */;
			productName = FirebaseDatabase;
		};
		A703C2E626CB9FCF00BBAAD6 /* FirebaseAnalytics */ = {
			isa = XCSwiftPackageProductDependency;
			package = A703C2E126CB9FCF00BBAAD6 /* XCRemoteSwiftPackageReference "firebase-ios-sdk" */;
			productName = FirebaseAnalytics;
		};
		A703C2E826CB9FCF00BBAAD6 /* FirebaseStorage */ = {
			isa = XCSwiftPackageProductDependency;
			package = A703C2E126CB9FCF00BBAAD6 /* XCRemoteSwiftPackageReference "firebase-ios-sdk" */;
			productName = FirebaseStorage;
		};
		A703C2EA26CB9FCF00BBAAD6 /* FirebaseMessaging */ = {
			isa = XCSwiftPackageProductDependency;
			package = A703C2E126CB9FCF00BBAAD6 /* XCRemoteSwiftPackageReference "firebase-ios-sdk" */;
			productName = FirebaseMessaging;
		};
		A703C2EC26CB9FCF00BBAAD6 /* FirebaseAuth */ = {
			isa = XCSwiftPackageProductDependency;
			package = A703C2E126CB9FCF00BBAAD6 /* XCRemoteSwiftPackageReference "firebase-ios-sdk" */;
			productName = FirebaseAuth;
		};
		A703C2EE26CB9FCF00BBAAD6 /* FirebaseDynamicLinks */ = {
			isa = XCSwiftPackageProductDependency;
			package = A703C2E126CB9FCF00BBAAD6 /* XCRemoteSwiftPackageReference "firebase-ios-sdk" */;
			productName = FirebaseDynamicLinks;
		};
		A71D64AB26B2C2E1009C6EE4 /* SFSafeSymbols */ = {
			isa = XCSwiftPackageProductDependency;
			package = A71D64AA26B2C2E1009C6EE4 /* XCRemoteSwiftPackageReference "SFSafeSymbols" */;
			productName = SFSafeSymbols;
		};
		A7E43C6026B2A844005DF810 /* SDWebImage */ = {
			isa = XCSwiftPackageProductDependency;
			package = A7E43C5F26B2A844005DF810 /* XCRemoteSwiftPackageReference "SDWebImage" */;
			productName = SDWebImage;
		};
		A7E43C6326B2A888005DF810 /* SnapKit */ = {
			isa = XCSwiftPackageProductDependency;
			package = A7E43C6226B2A888005DF810 /* XCRemoteSwiftPackageReference "SnapKit" */;
			productName = SnapKit;
		};
		A7E43C6626B2A924005DF810 /* IQKeyboardManagerSwift */ = {
			isa = XCSwiftPackageProductDependency;
			package = A7E43C6526B2A924005DF810 /* XCRemoteSwiftPackageReference "IQKeyboardManager" */;
			productName = IQKeyboardManagerSwift;
		};
/* End XCSwiftPackageProductDependency section */
	};
	rootObject = A7E43BC326B29C42005DF810 /* Project object */;
}
